// !$*UTF8*$!
{
	archiveVersion = 1;
	classes = {
	};
	objectVersion = 55;
	objects = {

/* Begin PBXBuildFile section */
		2709C269276D80A9008812AD /* AppState.swift in Sources */ = {isa = PBXBuildFile; fileRef = 2709C268276D80A9008812AD /* AppState.swift */; };
		2709C26A276D80A9008812AD /* AppState.swift in Sources */ = {isa = PBXBuildFile; fileRef = 2709C268276D80A9008812AD /* AppState.swift */; };
		2709C26C276EA9FD008812AD /* NewVaultView.swift in Sources */ = {isa = PBXBuildFile; fileRef = 2709C26B276EA9FD008812AD /* NewVaultView.swift */; };
		2709C26D276EA9FD008812AD /* NewVaultView.swift in Sources */ = {isa = PBXBuildFile; fileRef = 2709C26B276EA9FD008812AD /* NewVaultView.swift */; };
		2709C26F276EB376008812AD /* AppView.swift in Sources */ = {isa = PBXBuildFile; fileRef = 2709C26E276EB376008812AD /* AppView.swift */; };
		2709C270276EB376008812AD /* AppView.swift in Sources */ = {isa = PBXBuildFile; fileRef = 2709C26E276EB376008812AD /* AppView.swift */; };
		27196E2328B99634003F47D8 /* PasswordGeneratorView.swift in Sources */ = {isa = PBXBuildFile; fileRef = 27196E2228B99634003F47D8 /* PasswordGeneratorView.swift */; };
		27196E2428B99634003F47D8 /* PasswordGeneratorView.swift in Sources */ = {isa = PBXBuildFile; fileRef = 27196E2228B99634003F47D8 /* PasswordGeneratorView.swift */; };
		271B8284282FE751002F5D2C /* NewItemView.swift in Sources */ = {isa = PBXBuildFile; fileRef = 271B8283282FE751002F5D2C /* NewItemView.swift */; };
		271B8285282FE751002F5D2C /* NewItemView.swift in Sources */ = {isa = PBXBuildFile; fileRef = 271B8283282FE751002F5D2C /* NewItemView.swift */; };
		271B828F283075E2002F5D2C /* SecureCardItem.swift in Sources */ = {isa = PBXBuildFile; fileRef = 271B828E283075E2002F5D2C /* SecureCardItem.swift */; };
		271B8290283075E2002F5D2C /* SecureCardItem.swift in Sources */ = {isa = PBXBuildFile; fileRef = 271B828E283075E2002F5D2C /* SecureCardItem.swift */; };
		271B82922830783F002F5D2C /* SecureCardView.swift in Sources */ = {isa = PBXBuildFile; fileRef = 271B82912830783F002F5D2C /* SecureCardView.swift */; };
		271B82932830783F002F5D2C /* SecureCardView.swift in Sources */ = {isa = PBXBuildFile; fileRef = 271B82912830783F002F5D2C /* SecureCardView.swift */; };
		271CBCC7280CC83700265841 /* VaultException.swift in Sources */ = {isa = PBXBuildFile; fileRef = 271CBCC6280CC83700265841 /* VaultException.swift */; };
		271CBCC8280CC83700265841 /* VaultException.swift in Sources */ = {isa = PBXBuildFile; fileRef = 271CBCC6280CC83700265841 /* VaultException.swift */; };
		271CBCCA2812EAD500265841 /* SecureNoteView.swift in Sources */ = {isa = PBXBuildFile; fileRef = 271CBCC92812EAD500265841 /* SecureNoteView.swift */; };
		271CBCCB2812EAD500265841 /* SecureNoteView.swift in Sources */ = {isa = PBXBuildFile; fileRef = 271CBCC92812EAD500265841 /* SecureNoteView.swift */; };
		271CBCCD2812EB7000265841 /* SecureNoteItem.swift in Sources */ = {isa = PBXBuildFile; fileRef = 271CBCCC2812EB7000265841 /* SecureNoteItem.swift */; };
		271CBCCE2812EB7000265841 /* SecureNoteItem.swift in Sources */ = {isa = PBXBuildFile; fileRef = 271CBCCC2812EB7000265841 /* SecureNoteItem.swift */; };
		272A2C6F2766602F00E8DC9C /* Tests_iOS.swift in Sources */ = {isa = PBXBuildFile; fileRef = 272A2C6E2766602F00E8DC9C /* Tests_iOS.swift */; };
		272A2C712766602F00E8DC9C /* Tests_iOSLaunchTests.swift in Sources */ = {isa = PBXBuildFile; fileRef = 272A2C702766602F00E8DC9C /* Tests_iOSLaunchTests.swift */; };
		272A2C7B2766602F00E8DC9C /* Tests_macOS.swift in Sources */ = {isa = PBXBuildFile; fileRef = 272A2C7A2766602F00E8DC9C /* Tests_macOS.swift */; };
		272A2C7D2766602F00E8DC9C /* Tests_macOSLaunchTests.swift in Sources */ = {isa = PBXBuildFile; fileRef = 272A2C7C2766602F00E8DC9C /* Tests_macOSLaunchTests.swift */; };
		272A2C7E2766602F00E8DC9C /* PasswordVaultApp.swift in Sources */ = {isa = PBXBuildFile; fileRef = 272A2C562766602F00E8DC9C /* PasswordVaultApp.swift */; };
		272A2C7F2766602F00E8DC9C /* PasswordVaultApp.swift in Sources */ = {isa = PBXBuildFile; fileRef = 272A2C562766602F00E8DC9C /* PasswordVaultApp.swift */; };
		272A2C802766602F00E8DC9C /* OpenVaultView.swift in Sources */ = {isa = PBXBuildFile; fileRef = 272A2C572766602F00E8DC9C /* OpenVaultView.swift */; };
		272A2C812766602F00E8DC9C /* OpenVaultView.swift in Sources */ = {isa = PBXBuildFile; fileRef = 272A2C572766602F00E8DC9C /* OpenVaultView.swift */; };
		272A2C822766602F00E8DC9C /* Assets.xcassets in Resources */ = {isa = PBXBuildFile; fileRef = 272A2C582766602F00E8DC9C /* Assets.xcassets */; };
		272A2C832766602F00E8DC9C /* Assets.xcassets in Resources */ = {isa = PBXBuildFile; fileRef = 272A2C582766602F00E8DC9C /* Assets.xcassets */; };
		272A2C932766634F00E8DC9C /* LockView.swift in Sources */ = {isa = PBXBuildFile; fileRef = 272A2C922766634F00E8DC9C /* LockView.swift */; };
		272A2C942766634F00E8DC9C /* LockView.swift in Sources */ = {isa = PBXBuildFile; fileRef = 272A2C922766634F00E8DC9C /* LockView.swift */; };
		27384FB0277270C8002BD39D /* Crypto in Frameworks */ = {isa = PBXBuildFile; productRef = 27384FAF277270C8002BD39D /* Crypto */; };
		27384FB2277270C8002BD39D /* _CryptoExtras in Frameworks */ = {isa = PBXBuildFile; productRef = 27384FB1277270C8002BD39D /* _CryptoExtras */; };
		276A059227A8903500B030E1 /* SecureLoginView.swift in Sources */ = {isa = PBXBuildFile; fileRef = 276A059127A8903500B030E1 /* SecureLoginView.swift */; };
		276A059327A8903500B030E1 /* SecureLoginView.swift in Sources */ = {isa = PBXBuildFile; fileRef = 276A059127A8903500B030E1 /* SecureLoginView.swift */; };
		276A059527AB17F900B030E1 /* VaultMasterFile.swift in Sources */ = {isa = PBXBuildFile; fileRef = 276A059427AB17F900B030E1 /* VaultMasterFile.swift */; };
		276A059627AB17F900B030E1 /* VaultMasterFile.swift in Sources */ = {isa = PBXBuildFile; fileRef = 276A059427AB17F900B030E1 /* VaultMasterFile.swift */; };
		276A060F27AEFCC700B030E1 /* iOS in Resources */ = {isa = PBXBuildFile; fileRef = 276A060E27AEFCC700B030E1 /* iOS */; };
		276A061027AEFCC700B030E1 /* iOS in Resources */ = {isa = PBXBuildFile; fileRef = 276A060E27AEFCC700B030E1 /* iOS */; };
		276A061227AEFF3400B030E1 /* Preferences.swift in Sources */ = {isa = PBXBuildFile; fileRef = 276A061127AEFF3400B030E1 /* Preferences.swift */; };
		276A061327AEFF3400B030E1 /* Preferences.swift in Sources */ = {isa = PBXBuildFile; fileRef = 276A061127AEFF3400B030E1 /* Preferences.swift */; };
		277788F9279CDC9C000C19DF /* FileUtils.swift in Sources */ = {isa = PBXBuildFile; fileRef = 277788F8279CDC9C000C19DF /* FileUtils.swift */; };
		277788FA279CDC9C000C19DF /* FileUtils.swift in Sources */ = {isa = PBXBuildFile; fileRef = 277788F8279CDC9C000C19DF /* FileUtils.swift */; };
		27B03ACF2812F60F009131E8 /* Crypto in Frameworks */ = {isa = PBXBuildFile; productRef = 27B03ACE2812F60F009131E8 /* Crypto */; };
		27B03AD12812F60F009131E8 /* _CryptoExtras in Frameworks */ = {isa = PBXBuildFile; productRef = 27B03AD02812F60F009131E8 /* _CryptoExtras */; };
		27B03AD5281AFBA1009131E8 /* VaultItemFactory.swift in Sources */ = {isa = PBXBuildFile; fileRef = 27B03AD4281AFBA1009131E8 /* VaultItemFactory.swift */; };
		27B03AD6281AFBA1009131E8 /* VaultItemFactory.swift in Sources */ = {isa = PBXBuildFile; fileRef = 27B03AD4281AFBA1009131E8 /* VaultItemFactory.swift */; };
		27CAB0AB2766BE450064877A /* Vault.swift in Sources */ = {isa = PBXBuildFile; fileRef = 27CAB0AA2766BE450064877A /* Vault.swift */; };
		27CAB0AC2766BE450064877A /* Vault.swift in Sources */ = {isa = PBXBuildFile; fileRef = 27CAB0AA2766BE450064877A /* Vault.swift */; };
		27CAB0AD2766BE450064877A /* Vault.swift in Sources */ = {isa = PBXBuildFile; fileRef = 27CAB0AA2766BE450064877A /* Vault.swift */; };
		27CAB0AE2766BE450064877A /* Vault.swift in Sources */ = {isa = PBXBuildFile; fileRef = 27CAB0AA2766BE450064877A /* Vault.swift */; };
		27CAB0B02767D4650064877A /* SecureLoginItem.swift in Sources */ = {isa = PBXBuildFile; fileRef = 27CAB0AF2767D4650064877A /* SecureLoginItem.swift */; };
		27CAB0B12767D4650064877A /* SecureLoginItem.swift in Sources */ = {isa = PBXBuildFile; fileRef = 27CAB0AF2767D4650064877A /* SecureLoginItem.swift */; };
		27CAB0B22767D4650064877A /* SecureLoginItem.swift in Sources */ = {isa = PBXBuildFile; fileRef = 27CAB0AF2767D4650064877A /* SecureLoginItem.swift */; };
		27CAB0B32767D4650064877A /* SecureLoginItem.swift in Sources */ = {isa = PBXBuildFile; fileRef = 27CAB0AF2767D4650064877A /* SecureLoginItem.swift */; };
		27CAB0B52767D99C0064877A /* SecureVaultItem.swift in Sources */ = {isa = PBXBuildFile; fileRef = 27CAB0B42767D99C0064877A /* SecureVaultItem.swift */; };
		27CAB0B62767D99C0064877A /* SecureVaultItem.swift in Sources */ = {isa = PBXBuildFile; fileRef = 27CAB0B42767D99C0064877A /* SecureVaultItem.swift */; };
		27CAB0B72767D99C0064877A /* SecureVaultItem.swift in Sources */ = {isa = PBXBuildFile; fileRef = 27CAB0B42767D99C0064877A /* SecureVaultItem.swift */; };
		27CAB0B82767D99C0064877A /* SecureVaultItem.swift in Sources */ = {isa = PBXBuildFile; fileRef = 27CAB0B42767D99C0064877A /* SecureVaultItem.swift */; };
		27E6894228919CD700755424 /* TagsView.swift in Sources */ = {isa = PBXBuildFile; fileRef = 27E6894128919CD700755424 /* TagsView.swift */; };
		27E6894328919CD700755424 /* TagsView.swift in Sources */ = {isa = PBXBuildFile; fileRef = 27E6894128919CD700755424 /* TagsView.swift */; };
		27E6894528919F1600755424 /* ItemButtonView.swift in Sources */ = {isa = PBXBuildFile; fileRef = 27E6894428919F1600755424 /* ItemButtonView.swift */; };
		27E6894628919F1600755424 /* ItemButtonView.swift in Sources */ = {isa = PBXBuildFile; fileRef = 27E6894428919F1600755424 /* ItemButtonView.swift */; };
		27E689482891BF6900755424 /* LastModifiedView.swift in Sources */ = {isa = PBXBuildFile; fileRef = 27E689472891BF6900755424 /* LastModifiedView.swift */; };
		27E689492891BF6900755424 /* LastModifiedView.swift in Sources */ = {isa = PBXBuildFile; fileRef = 27E689472891BF6900755424 /* LastModifiedView.swift */; };
		27E6894B28997EA000755424 /* NewTagView.swift in Sources */ = {isa = PBXBuildFile; fileRef = 27E6894A28997EA000755424 /* NewTagView.swift */; };
		27E6894C28997EA000755424 /* NewTagView.swift in Sources */ = {isa = PBXBuildFile; fileRef = 27E6894A28997EA000755424 /* NewTagView.swift */; };
/* End PBXBuildFile section */

/* Begin PBXContainerItemProxy section */
		272A2C6B2766602F00E8DC9C /* PBXContainerItemProxy */ = {
			isa = PBXContainerItemProxy;
			containerPortal = 272A2C512766602E00E8DC9C /* Project object */;
			proxyType = 1;
			remoteGlobalIDString = 272A2C5C2766602F00E8DC9C;
			remoteInfo = "PasswordVault (iOS)";
		};
		272A2C772766602F00E8DC9C /* PBXContainerItemProxy */ = {
			isa = PBXContainerItemProxy;
			containerPortal = 272A2C512766602E00E8DC9C /* Project object */;
			proxyType = 1;
			remoteGlobalIDString = 272A2C622766602F00E8DC9C;
			remoteInfo = "PasswordVault (macOS)";
		};
/* End PBXContainerItemProxy section */

/* Begin PBXFileReference section */
		2709C268276D80A9008812AD /* AppState.swift */ = {isa = PBXFileReference; lastKnownFileType = sourcecode.swift; path = AppState.swift; sourceTree = "<group>"; };
		2709C26B276EA9FD008812AD /* NewVaultView.swift */ = {isa = PBXFileReference; lastKnownFileType = sourcecode.swift; path = NewVaultView.swift; sourceTree = "<group>"; };
		2709C26E276EB376008812AD /* AppView.swift */ = {isa = PBXFileReference; lastKnownFileType = sourcecode.swift; path = AppView.swift; sourceTree = "<group>"; };
		27196E1B28B05F56003F47D8 /* Info.plist */ = {isa = PBXFileReference; fileEncoding = 4; lastKnownFileType = text.plist.xml; path = Info.plist; sourceTree = "<group>"; };
		27196E2228B99634003F47D8 /* PasswordGeneratorView.swift */ = {isa = PBXFileReference; lastKnownFileType = sourcecode.swift; path = PasswordGeneratorView.swift; sourceTree = "<group>"; };
		271B8283282FE751002F5D2C /* NewItemView.swift */ = {isa = PBXFileReference; fileEncoding = 4; lastKnownFileType = sourcecode.swift; path = NewItemView.swift; sourceTree = "<group>"; };
		271B828E283075E2002F5D2C /* SecureCardItem.swift */ = {isa = PBXFileReference; lastKnownFileType = sourcecode.swift; path = SecureCardItem.swift; sourceTree = "<group>"; };
		271B82912830783F002F5D2C /* SecureCardView.swift */ = {isa = PBXFileReference; lastKnownFileType = sourcecode.swift; path = SecureCardView.swift; sourceTree = "<group>"; };
		271CBCC6280CC83700265841 /* VaultException.swift */ = {isa = PBXFileReference; lastKnownFileType = sourcecode.swift; path = VaultException.swift; sourceTree = "<group>"; };
		271CBCC92812EAD500265841 /* SecureNoteView.swift */ = {isa = PBXFileReference; lastKnownFileType = sourcecode.swift; path = SecureNoteView.swift; sourceTree = "<group>"; };
		271CBCCC2812EB7000265841 /* SecureNoteItem.swift */ = {isa = PBXFileReference; lastKnownFileType = sourcecode.swift; path = SecureNoteItem.swift; sourceTree = "<group>"; };
		272A2C562766602F00E8DC9C /* PasswordVaultApp.swift */ = {isa = PBXFileReference; lastKnownFileType = sourcecode.swift; path = PasswordVaultApp.swift; sourceTree = "<group>"; };
		272A2C572766602F00E8DC9C /* OpenVaultView.swift */ = {isa = PBXFileReference; lastKnownFileType = sourcecode.swift; path = OpenVaultView.swift; sourceTree = "<group>"; };
		272A2C582766602F00E8DC9C /* Assets.xcassets */ = {isa = PBXFileReference; lastKnownFileType = folder.assetcatalog; path = Assets.xcassets; sourceTree = "<group>"; };
		272A2C5D2766602F00E8DC9C /* PasswordVault.app */ = {isa = PBXFileReference; explicitFileType = wrapper.application; includeInIndex = 0; path = PasswordVault.app; sourceTree = BUILT_PRODUCTS_DIR; };
		272A2C632766602F00E8DC9C /* PasswordVault.app */ = {isa = PBXFileReference; explicitFileType = wrapper.application; includeInIndex = 0; path = PasswordVault.app; sourceTree = BUILT_PRODUCTS_DIR; };
		272A2C652766602F00E8DC9C /* macOS.entitlements */ = {isa = PBXFileReference; lastKnownFileType = text.plist.entitlements; path = macOS.entitlements; sourceTree = "<group>"; };
		272A2C6A2766602F00E8DC9C /* Tests iOS.xctest */ = {isa = PBXFileReference; explicitFileType = wrapper.cfbundle; includeInIndex = 0; path = "Tests iOS.xctest"; sourceTree = BUILT_PRODUCTS_DIR; };
		272A2C6E2766602F00E8DC9C /* Tests_iOS.swift */ = {isa = PBXFileReference; lastKnownFileType = sourcecode.swift; path = Tests_iOS.swift; sourceTree = "<group>"; };
		272A2C702766602F00E8DC9C /* Tests_iOSLaunchTests.swift */ = {isa = PBXFileReference; lastKnownFileType = sourcecode.swift; path = Tests_iOSLaunchTests.swift; sourceTree = "<group>"; };
		272A2C762766602F00E8DC9C /* Tests macOS.xctest */ = {isa = PBXFileReference; explicitFileType = wrapper.cfbundle; includeInIndex = 0; path = "Tests macOS.xctest"; sourceTree = BUILT_PRODUCTS_DIR; };
		272A2C7A2766602F00E8DC9C /* Tests_macOS.swift */ = {isa = PBXFileReference; lastKnownFileType = sourcecode.swift; path = Tests_macOS.swift; sourceTree = "<group>"; };
		272A2C7C2766602F00E8DC9C /* Tests_macOSLaunchTests.swift */ = {isa = PBXFileReference; lastKnownFileType = sourcecode.swift; path = Tests_macOSLaunchTests.swift; sourceTree = "<group>"; };
		272A2C922766634F00E8DC9C /* LockView.swift */ = {isa = PBXFileReference; lastKnownFileType = sourcecode.swift; path = LockView.swift; sourceTree = "<group>"; };
		276A059127A8903500B030E1 /* SecureLoginView.swift */ = {isa = PBXFileReference; lastKnownFileType = sourcecode.swift; path = SecureLoginView.swift; sourceTree = "<group>"; };
		276A059427AB17F900B030E1 /* VaultMasterFile.swift */ = {isa = PBXFileReference; lastKnownFileType = sourcecode.swift; path = VaultMasterFile.swift; sourceTree = "<group>"; };
		276A060E27AEFCC700B030E1 /* iOS */ = {isa = PBXFileReference; lastKnownFileType = folder; path = iOS; sourceTree = "<group>"; };
		276A061127AEFF3400B030E1 /* Preferences.swift */ = {isa = PBXFileReference; fileEncoding = 4; lastKnownFileType = sourcecode.swift; path = Preferences.swift; sourceTree = "<group>"; };
		277788F8279CDC9C000C19DF /* FileUtils.swift */ = {isa = PBXFileReference; lastKnownFileType = sourcecode.swift; path = FileUtils.swift; sourceTree = "<group>"; };
		27B03AD4281AFBA1009131E8 /* VaultItemFactory.swift */ = {isa = PBXFileReference; lastKnownFileType = sourcecode.swift; path = VaultItemFactory.swift; sourceTree = "<group>"; };
		27CAB0AA2766BE450064877A /* Vault.swift */ = {isa = PBXFileReference; lastKnownFileType = sourcecode.swift; path = Vault.swift; sourceTree = "<group>"; };
		27CAB0AF2767D4650064877A /* SecureLoginItem.swift */ = {isa = PBXFileReference; lastKnownFileType = sourcecode.swift; path = SecureLoginItem.swift; sourceTree = "<group>"; };
		27CAB0B42767D99C0064877A /* SecureVaultItem.swift */ = {isa = PBXFileReference; lastKnownFileType = sourcecode.swift; path = SecureVaultItem.swift; sourceTree = "<group>"; };
		27E6894128919CD700755424 /* TagsView.swift */ = {isa = PBXFileReference; lastKnownFileType = sourcecode.swift; path = TagsView.swift; sourceTree = "<group>"; };
		27E6894428919F1600755424 /* ItemButtonView.swift */ = {isa = PBXFileReference; lastKnownFileType = sourcecode.swift; path = ItemButtonView.swift; sourceTree = "<group>"; };
		27E689472891BF6900755424 /* LastModifiedView.swift */ = {isa = PBXFileReference; lastKnownFileType = sourcecode.swift; path = LastModifiedView.swift; sourceTree = "<group>"; };
		27E6894A28997EA000755424 /* NewTagView.swift */ = {isa = PBXFileReference; lastKnownFileType = sourcecode.swift; path = NewTagView.swift; sourceTree = "<group>"; };
/* End PBXFileReference section */

/* Begin PBXFrameworksBuildPhase section */
		272A2C5A2766602F00E8DC9C /* Frameworks */ = {
			isa = PBXFrameworksBuildPhase;
			buildActionMask = 2147483647;
			files = (
				27B03AD12812F60F009131E8 /* _CryptoExtras in Frameworks */,
				27B03ACF2812F60F009131E8 /* Crypto in Frameworks */,
				27384FB2277270C8002BD39D /* _CryptoExtras in Frameworks */,
				27384FB0277270C8002BD39D /* Crypto in Frameworks */,
			);
			runOnlyForDeploymentPostprocessing = 0;
		};
		272A2C602766602F00E8DC9C /* Frameworks */ = {
			isa = PBXFrameworksBuildPhase;
			buildActionMask = 2147483647;
			files = (
			);
			runOnlyForDeploymentPostprocessing = 0;
		};
		272A2C672766602F00E8DC9C /* Frameworks */ = {
			isa = PBXFrameworksBuildPhase;
			buildActionMask = 2147483647;
			files = (
			);
			runOnlyForDeploymentPostprocessing = 0;
		};
		272A2C732766602F00E8DC9C /* Frameworks */ = {
			isa = PBXFrameworksBuildPhase;
			buildActionMask = 2147483647;
			files = (
			);
			runOnlyForDeploymentPostprocessing = 0;
		};
/* End PBXFrameworksBuildPhase section */

/* Begin PBXGroup section */
		272A2C502766602E00E8DC9C = {
			isa = PBXGroup;
			children = (
				27196E1B28B05F56003F47D8 /* Info.plist */,
				272A2C552766602F00E8DC9C /* Shared */,
				276A060E27AEFCC700B030E1 /* iOS */,
				272A2C642766602F00E8DC9C /* macOS */,
				272A2C6D2766602F00E8DC9C /* Tests iOS */,
				272A2C792766602F00E8DC9C /* Tests macOS */,
				272A2C5E2766602F00E8DC9C /* Products */,
			);
			sourceTree = "<group>";
		};
		272A2C552766602F00E8DC9C /* Shared */ = {
			isa = PBXGroup;
			children = (
				2709C268276D80A9008812AD /* AppState.swift */,
				2709C26E276EB376008812AD /* AppView.swift */,
				277788F8279CDC9C000C19DF /* FileUtils.swift */,
				27E6894428919F1600755424 /* ItemButtonView.swift */,
				27E689472891BF6900755424 /* LastModifiedView.swift */,
				272A2C922766634F00E8DC9C /* LockView.swift */,
				271B8283282FE751002F5D2C /* NewItemView.swift */,
				27E6894A28997EA000755424 /* NewTagView.swift */,
				2709C26B276EA9FD008812AD /* NewVaultView.swift */,
				272A2C572766602F00E8DC9C /* OpenVaultView.swift */,
				27196E2228B99634003F47D8 /* PasswordGeneratorView.swift */,
				272A2C562766602F00E8DC9C /* PasswordVaultApp.swift */,
				276A061127AEFF3400B030E1 /* Preferences.swift */,
				271B828E283075E2002F5D2C /* SecureCardItem.swift */,
				271B82912830783F002F5D2C /* SecureCardView.swift */,
				27CAB0AF2767D4650064877A /* SecureLoginItem.swift */,
				276A059127A8903500B030E1 /* SecureLoginView.swift */,
				271CBCCC2812EB7000265841 /* SecureNoteItem.swift */,
				271CBCC92812EAD500265841 /* SecureNoteView.swift */,
				27CAB0B42767D99C0064877A /* SecureVaultItem.swift */,
				27E6894128919CD700755424 /* TagsView.swift */,
				27CAB0AA2766BE450064877A /* Vault.swift */,
				271CBCC6280CC83700265841 /* VaultException.swift */,
				27B03AD4281AFBA1009131E8 /* VaultItemFactory.swift */,
				276A059427AB17F900B030E1 /* VaultMasterFile.swift */,
				272A2C582766602F00E8DC9C /* Assets.xcassets */,
			);
			path = Shared;
			sourceTree = "<group>";
		};
		272A2C5E2766602F00E8DC9C /* Products */ = {
			isa = PBXGroup;
			children = (
				272A2C5D2766602F00E8DC9C /* PasswordVault.app */,
				272A2C632766602F00E8DC9C /* PasswordVault.app */,
				272A2C6A2766602F00E8DC9C /* Tests iOS.xctest */,
				272A2C762766602F00E8DC9C /* Tests macOS.xctest */,
			);
			name = Products;
			sourceTree = "<group>";
		};
		272A2C642766602F00E8DC9C /* macOS */ = {
			isa = PBXGroup;
			children = (
				272A2C652766602F00E8DC9C /* macOS.entitlements */,
			);
			path = macOS;
			sourceTree = "<group>";
		};
		272A2C6D2766602F00E8DC9C /* Tests iOS */ = {
			isa = PBXGroup;
			children = (
				272A2C6E2766602F00E8DC9C /* Tests_iOS.swift */,
				272A2C702766602F00E8DC9C /* Tests_iOSLaunchTests.swift */,
			);
			path = "Tests iOS";
			sourceTree = "<group>";
		};
		272A2C792766602F00E8DC9C /* Tests macOS */ = {
			isa = PBXGroup;
			children = (
				272A2C7A2766602F00E8DC9C /* Tests_macOS.swift */,
				272A2C7C2766602F00E8DC9C /* Tests_macOSLaunchTests.swift */,
			);
			path = "Tests macOS";
			sourceTree = "<group>";
		};
/* End PBXGroup section */

/* Begin PBXNativeTarget section */
		272A2C5C2766602F00E8DC9C /* PasswordVault (iOS) */ = {
			isa = PBXNativeTarget;
			buildConfigurationList = 272A2C862766602F00E8DC9C /* Build configuration list for PBXNativeTarget "PasswordVault (iOS)" */;
			buildPhases = (
				272A2C592766602F00E8DC9C /* Sources */,
				272A2C5A2766602F00E8DC9C /* Frameworks */,
				272A2C5B2766602F00E8DC9C /* Resources */,
			);
			buildRules = (
			);
			dependencies = (
			);
			name = "PasswordVault (iOS)";
			packageProductDependencies = (
				27384FAF277270C8002BD39D /* Crypto */,
				27384FB1277270C8002BD39D /* _CryptoExtras */,
				27B03ACE2812F60F009131E8 /* Crypto */,
				27B03AD02812F60F009131E8 /* _CryptoExtras */,
			);
			productName = "PasswordVault (iOS)";
			productReference = 272A2C5D2766602F00E8DC9C /* PasswordVault.app */;
			productType = "com.apple.product-type.application";
		};
		272A2C622766602F00E8DC9C /* PasswordVault (macOS) */ = {
			isa = PBXNativeTarget;
			buildConfigurationList = 272A2C892766602F00E8DC9C /* Build configuration list for PBXNativeTarget "PasswordVault (macOS)" */;
			buildPhases = (
				272A2C5F2766602F00E8DC9C /* Sources */,
				272A2C602766602F00E8DC9C /* Frameworks */,
				272A2C612766602F00E8DC9C /* Resources */,
			);
			buildRules = (
			);
			dependencies = (
			);
			name = "PasswordVault (macOS)";
			productName = "PasswordVault (macOS)";
			productReference = 272A2C632766602F00E8DC9C /* PasswordVault.app */;
			productType = "com.apple.product-type.application";
		};
		272A2C692766602F00E8DC9C /* Tests iOS */ = {
			isa = PBXNativeTarget;
			buildConfigurationList = 272A2C8C2766602F00E8DC9C /* Build configuration list for PBXNativeTarget "Tests iOS" */;
			buildPhases = (
				272A2C662766602F00E8DC9C /* Sources */,
				272A2C672766602F00E8DC9C /* Frameworks */,
				272A2C682766602F00E8DC9C /* Resources */,
			);
			buildRules = (
			);
			dependencies = (
				272A2C6C2766602F00E8DC9C /* PBXTargetDependency */,
			);
			name = "Tests iOS";
			productName = "Tests iOS";
			productReference = 272A2C6A2766602F00E8DC9C /* Tests iOS.xctest */;
			productType = "com.apple.product-type.bundle.ui-testing";
		};
		272A2C752766602F00E8DC9C /* Tests macOS */ = {
			isa = PBXNativeTarget;
			buildConfigurationList = 272A2C8F2766602F00E8DC9C /* Build configuration list for PBXNativeTarget "Tests macOS" */;
			buildPhases = (
				272A2C722766602F00E8DC9C /* Sources */,
				272A2C732766602F00E8DC9C /* Frameworks */,
				272A2C742766602F00E8DC9C /* Resources */,
			);
			buildRules = (
			);
			dependencies = (
				272A2C782766602F00E8DC9C /* PBXTargetDependency */,
			);
			name = "Tests macOS";
			productName = "Tests macOS";
			productReference = 272A2C762766602F00E8DC9C /* Tests macOS.xctest */;
			productType = "com.apple.product-type.bundle.ui-testing";
		};
/* End PBXNativeTarget section */

/* Begin PBXProject section */
		272A2C512766602E00E8DC9C /* Project object */ = {
			isa = PBXProject;
			attributes = {
				BuildIndependentTargetsInParallel = 1;
				LastSwiftUpdateCheck = 1310;
				LastUpgradeCheck = 1320;
				TargetAttributes = {
					272A2C5C2766602F00E8DC9C = {
						CreatedOnToolsVersion = 13.1;
					};
					272A2C622766602F00E8DC9C = {
						CreatedOnToolsVersion = 13.1;
					};
					272A2C692766602F00E8DC9C = {
						CreatedOnToolsVersion = 13.1;
						TestTargetID = 272A2C5C2766602F00E8DC9C;
					};
					272A2C752766602F00E8DC9C = {
						CreatedOnToolsVersion = 13.1;
						TestTargetID = 272A2C622766602F00E8DC9C;
					};
				};
			};
			buildConfigurationList = 272A2C542766602F00E8DC9C /* Build configuration list for PBXProject "PasswordVault" */;
			compatibilityVersion = "Xcode 13.0";
			developmentRegion = en;
			hasScannedForEncodings = 0;
			knownRegions = (
				en,
				Base,
			);
			mainGroup = 272A2C502766602E00E8DC9C;
			packageReferences = (
				27384FAE277270C8002BD39D /* XCRemoteSwiftPackageReference "swift-crypto" */,
				27B03ACD2812F60F009131E8 /* XCRemoteSwiftPackageReference "swift-crypto" */,
			);
			productRefGroup = 272A2C5E2766602F00E8DC9C /* Products */;
			projectDirPath = "";
			projectRoot = "";
			targets = (
				272A2C5C2766602F00E8DC9C /* PasswordVault (iOS) */,
				272A2C622766602F00E8DC9C /* PasswordVault (macOS) */,
				272A2C692766602F00E8DC9C /* Tests iOS */,
				272A2C752766602F00E8DC9C /* Tests macOS */,
			);
		};
/* End PBXProject section */

/* Begin PBXResourcesBuildPhase section */
		272A2C5B2766602F00E8DC9C /* Resources */ = {
			isa = PBXResourcesBuildPhase;
			buildActionMask = 2147483647;
			files = (
				276A060F27AEFCC700B030E1 /* iOS in Resources */,
				272A2C822766602F00E8DC9C /* Assets.xcassets in Resources */,
			);
			runOnlyForDeploymentPostprocessing = 0;
		};
		272A2C612766602F00E8DC9C /* Resources */ = {
			isa = PBXResourcesBuildPhase;
			buildActionMask = 2147483647;
			files = (
				276A061027AEFCC700B030E1 /* iOS in Resources */,
				272A2C832766602F00E8DC9C /* Assets.xcassets in Resources */,
			);
			runOnlyForDeploymentPostprocessing = 0;
		};
		272A2C682766602F00E8DC9C /* Resources */ = {
			isa = PBXResourcesBuildPhase;
			buildActionMask = 2147483647;
			files = (
			);
			runOnlyForDeploymentPostprocessing = 0;
		};
		272A2C742766602F00E8DC9C /* Resources */ = {
			isa = PBXResourcesBuildPhase;
			buildActionMask = 2147483647;
			files = (
			);
			runOnlyForDeploymentPostprocessing = 0;
		};
/* End PBXResourcesBuildPhase section */

/* Begin PBXSourcesBuildPhase section */
		272A2C592766602F00E8DC9C /* Sources */ = {
			isa = PBXSourcesBuildPhase;
			buildActionMask = 2147483647;
			files = (
				27E689482891BF6900755424 /* LastModifiedView.swift in Sources */,
				271B8284282FE751002F5D2C /* NewItemView.swift in Sources */,
				272A2C802766602F00E8DC9C /* OpenVaultView.swift in Sources */,
				27E6894228919CD700755424 /* TagsView.swift in Sources */,
				272A2C7E2766602F00E8DC9C /* PasswordVaultApp.swift in Sources */,
				276A059227A8903500B030E1 /* SecureLoginView.swift in Sources */,
				27B03AD5281AFBA1009131E8 /* VaultItemFactory.swift in Sources */,
				271CBCCD2812EB7000265841 /* SecureNoteItem.swift in Sources */,
				277788F9279CDC9C000C19DF /* FileUtils.swift in Sources */,
				2709C26C276EA9FD008812AD /* NewVaultView.swift in Sources */,
				27196E2328B99634003F47D8 /* PasswordGeneratorView.swift in Sources */,
				27CAB0B02767D4650064877A /* SecureLoginItem.swift in Sources */,
				276A059527AB17F900B030E1 /* VaultMasterFile.swift in Sources */,
				27E6894B28997EA000755424 /* NewTagView.swift in Sources */,
				276A061227AEFF3400B030E1 /* Preferences.swift in Sources */,
				27CAB0B52767D99C0064877A /* SecureVaultItem.swift in Sources */,
				271CBCCA2812EAD500265841 /* SecureNoteView.swift in Sources */,
				271B828F283075E2002F5D2C /* SecureCardItem.swift in Sources */,
				271CBCC7280CC83700265841 /* VaultException.swift in Sources */,
				272A2C932766634F00E8DC9C /* LockView.swift in Sources */,
				27CAB0AB2766BE450064877A /* Vault.swift in Sources */,
				2709C26F276EB376008812AD /* AppView.swift in Sources */,
				27E6894528919F1600755424 /* ItemButtonView.swift in Sources */,
				2709C269276D80A9008812AD /* AppState.swift in Sources */,
				271B82922830783F002F5D2C /* SecureCardView.swift in Sources */,
			);
			runOnlyForDeploymentPostprocessing = 0;
		};
		272A2C5F2766602F00E8DC9C /* Sources */ = {
			isa = PBXSourcesBuildPhase;
			buildActionMask = 2147483647;
			files = (
				27E689492891BF6900755424 /* LastModifiedView.swift in Sources */,
				271B8285282FE751002F5D2C /* NewItemView.swift in Sources */,
				272A2C812766602F00E8DC9C /* OpenVaultView.swift in Sources */,
				27E6894328919CD700755424 /* TagsView.swift in Sources */,
				272A2C7F2766602F00E8DC9C /* PasswordVaultApp.swift in Sources */,
				276A059327A8903500B030E1 /* SecureLoginView.swift in Sources */,
				27B03AD6281AFBA1009131E8 /* VaultItemFactory.swift in Sources */,
				271CBCCE2812EB7000265841 /* SecureNoteItem.swift in Sources */,
				277788FA279CDC9C000C19DF /* FileUtils.swift in Sources */,
				2709C26D276EA9FD008812AD /* NewVaultView.swift in Sources */,
				27196E2428B99634003F47D8 /* PasswordGeneratorView.swift in Sources */,
				27CAB0B12767D4650064877A /* SecureLoginItem.swift in Sources */,
				276A059627AB17F900B030E1 /* VaultMasterFile.swift in Sources */,
				27E6894C28997EA000755424 /* NewTagView.swift in Sources */,
				276A061327AEFF3400B030E1 /* Preferences.swift in Sources */,
				27CAB0B62767D99C0064877A /* SecureVaultItem.swift in Sources */,
				271CBCCB2812EAD500265841 /* SecureNoteView.swift in Sources */,
				271B8290283075E2002F5D2C /* SecureCardItem.swift in Sources */,
				271CBCC8280CC83700265841 /* VaultException.swift in Sources */,
				272A2C942766634F00E8DC9C /* LockView.swift in Sources */,
				27CAB0AC2766BE450064877A /* Vault.swift in Sources */,
				2709C270276EB376008812AD /* AppView.swift in Sources */,
				27E6894628919F1600755424 /* ItemButtonView.swift in Sources */,
				2709C26A276D80A9008812AD /* AppState.swift in Sources */,
				271B82932830783F002F5D2C /* SecureCardView.swift in Sources */,
			);
			runOnlyForDeploymentPostprocessing = 0;
		};
		272A2C662766602F00E8DC9C /* Sources */ = {
			isa = PBXSourcesBuildPhase;
			buildActionMask = 2147483647;
			files = (
				272A2C712766602F00E8DC9C /* Tests_iOSLaunchTests.swift in Sources */,
				27CAB0B22767D4650064877A /* SecureLoginItem.swift in Sources */,
				272A2C6F2766602F00E8DC9C /* Tests_iOS.swift in Sources */,
				27CAB0AD2766BE450064877A /* Vault.swift in Sources */,
				27CAB0B72767D99C0064877A /* SecureVaultItem.swift in Sources */,
			);
			runOnlyForDeploymentPostprocessing = 0;
		};
		272A2C722766602F00E8DC9C /* Sources */ = {
			isa = PBXSourcesBuildPhase;
			buildActionMask = 2147483647;
			files = (
				272A2C7D2766602F00E8DC9C /* Tests_macOSLaunchTests.swift in Sources */,
				27CAB0B32767D4650064877A /* SecureLoginItem.swift in Sources */,
				272A2C7B2766602F00E8DC9C /* Tests_macOS.swift in Sources */,
				27CAB0AE2766BE450064877A /* Vault.swift in Sources */,
				27CAB0B82767D99C0064877A /* SecureVaultItem.swift in Sources */,
			);
			runOnlyForDeploymentPostprocessing = 0;
		};
/* End PBXSourcesBuildPhase section */

/* Begin PBXTargetDependency section */
		272A2C6C2766602F00E8DC9C /* PBXTargetDependency */ = {
			isa = PBXTargetDependency;
			target = 272A2C5C2766602F00E8DC9C /* PasswordVault (iOS) */;
			targetProxy = 272A2C6B2766602F00E8DC9C /* PBXContainerItemProxy */;
		};
		272A2C782766602F00E8DC9C /* PBXTargetDependency */ = {
			isa = PBXTargetDependency;
			target = 272A2C622766602F00E8DC9C /* PasswordVault (macOS) */;
			targetProxy = 272A2C772766602F00E8DC9C /* PBXContainerItemProxy */;
		};
/* End PBXTargetDependency section */

/* Begin XCBuildConfiguration section */
		272A2C842766602F00E8DC9C /* Debug */ = {
			isa = XCBuildConfiguration;
			buildSettings = {
				ALWAYS_SEARCH_USER_PATHS = NO;
				CLANG_ANALYZER_NONNULL = YES;
				CLANG_ANALYZER_NUMBER_OBJECT_CONVERSION = YES_AGGRESSIVE;
				CLANG_CXX_LANGUAGE_STANDARD = "gnu++17";
				CLANG_CXX_LIBRARY = "libc++";
				CLANG_ENABLE_MODULES = YES;
				CLANG_ENABLE_OBJC_ARC = YES;
				CLANG_ENABLE_OBJC_WEAK = YES;
				CLANG_WARN_BLOCK_CAPTURE_AUTORELEASING = YES;
				CLANG_WARN_BOOL_CONVERSION = YES;
				CLANG_WARN_COMMA = YES;
				CLANG_WARN_CONSTANT_CONVERSION = YES;
				CLANG_WARN_DEPRECATED_OBJC_IMPLEMENTATIONS = YES;
				CLANG_WARN_DIRECT_OBJC_ISA_USAGE = YES_ERROR;
				CLANG_WARN_DOCUMENTATION_COMMENTS = YES;
				CLANG_WARN_EMPTY_BODY = YES;
				CLANG_WARN_ENUM_CONVERSION = YES;
				CLANG_WARN_INFINITE_RECURSION = YES;
				CLANG_WARN_INT_CONVERSION = YES;
				CLANG_WARN_NON_LITERAL_NULL_CONVERSION = YES;
				CLANG_WARN_OBJC_IMPLICIT_RETAIN_SELF = YES;
				CLANG_WARN_OBJC_LITERAL_CONVERSION = YES;
				CLANG_WARN_OBJC_ROOT_CLASS = YES_ERROR;
				CLANG_WARN_QUOTED_INCLUDE_IN_FRAMEWORK_HEADER = YES;
				CLANG_WARN_RANGE_LOOP_ANALYSIS = YES;
				CLANG_WARN_STRICT_PROTOTYPES = YES;
				CLANG_WARN_SUSPICIOUS_MOVE = YES;
				CLANG_WARN_UNGUARDED_AVAILABILITY = YES_AGGRESSIVE;
				CLANG_WARN_UNREACHABLE_CODE = YES;
				CLANG_WARN__DUPLICATE_METHOD_MATCH = YES;
				COPY_PHASE_STRIP = NO;
				DEBUG_INFORMATION_FORMAT = dwarf;
				ENABLE_STRICT_OBJC_MSGSEND = YES;
				ENABLE_TESTABILITY = YES;
				GCC_C_LANGUAGE_STANDARD = gnu11;
				GCC_DYNAMIC_NO_PIC = NO;
				GCC_NO_COMMON_BLOCKS = YES;
				GCC_OPTIMIZATION_LEVEL = 0;
				GCC_PREPROCESSOR_DEFINITIONS = (
					"DEBUG=1",
					"$(inherited)",
				);
				GCC_WARN_64_TO_32_BIT_CONVERSION = YES;
				GCC_WARN_ABOUT_RETURN_TYPE = YES_ERROR;
				GCC_WARN_UNDECLARED_SELECTOR = YES;
				GCC_WARN_UNINITIALIZED_AUTOS = YES_AGGRESSIVE;
				GCC_WARN_UNUSED_FUNCTION = YES;
				GCC_WARN_UNUSED_VARIABLE = YES;
				IPHONEOS_DEPLOYMENT_TARGET = 14.0;
				MACOSX_DEPLOYMENT_TARGET = 11.0;
				MTL_ENABLE_DEBUG_INFO = INCLUDE_SOURCE;
				MTL_FAST_MATH = YES;
				ONLY_ACTIVE_ARCH = YES;
				SWIFT_ACTIVE_COMPILATION_CONDITIONS = DEBUG;
				SWIFT_OPTIMIZATION_LEVEL = "-Onone";
			};
			name = Debug;
		};
		272A2C852766602F00E8DC9C /* Release */ = {
			isa = XCBuildConfiguration;
			buildSettings = {
				ALWAYS_SEARCH_USER_PATHS = NO;
				CLANG_ANALYZER_NONNULL = YES;
				CLANG_ANALYZER_NUMBER_OBJECT_CONVERSION = YES_AGGRESSIVE;
				CLANG_CXX_LANGUAGE_STANDARD = "gnu++17";
				CLANG_CXX_LIBRARY = "libc++";
				CLANG_ENABLE_MODULES = YES;
				CLANG_ENABLE_OBJC_ARC = YES;
				CLANG_ENABLE_OBJC_WEAK = YES;
				CLANG_WARN_BLOCK_CAPTURE_AUTORELEASING = YES;
				CLANG_WARN_BOOL_CONVERSION = YES;
				CLANG_WARN_COMMA = YES;
				CLANG_WARN_CONSTANT_CONVERSION = YES;
				CLANG_WARN_DEPRECATED_OBJC_IMPLEMENTATIONS = YES;
				CLANG_WARN_DIRECT_OBJC_ISA_USAGE = YES_ERROR;
				CLANG_WARN_DOCUMENTATION_COMMENTS = YES;
				CLANG_WARN_EMPTY_BODY = YES;
				CLANG_WARN_ENUM_CONVERSION = YES;
				CLANG_WARN_INFINITE_RECURSION = YES;
				CLANG_WARN_INT_CONVERSION = YES;
				CLANG_WARN_NON_LITERAL_NULL_CONVERSION = YES;
				CLANG_WARN_OBJC_IMPLICIT_RETAIN_SELF = YES;
				CLANG_WARN_OBJC_LITERAL_CONVERSION = YES;
				CLANG_WARN_OBJC_ROOT_CLASS = YES_ERROR;
				CLANG_WARN_QUOTED_INCLUDE_IN_FRAMEWORK_HEADER = YES;
				CLANG_WARN_RANGE_LOOP_ANALYSIS = YES;
				CLANG_WARN_STRICT_PROTOTYPES = YES;
				CLANG_WARN_SUSPICIOUS_MOVE = YES;
				CLANG_WARN_UNGUARDED_AVAILABILITY = YES_AGGRESSIVE;
				CLANG_WARN_UNREACHABLE_CODE = YES;
				CLANG_WARN__DUPLICATE_METHOD_MATCH = YES;
				COPY_PHASE_STRIP = NO;
				DEBUG_INFORMATION_FORMAT = "dwarf-with-dsym";
				ENABLE_NS_ASSERTIONS = NO;
				ENABLE_STRICT_OBJC_MSGSEND = YES;
				GCC_C_LANGUAGE_STANDARD = gnu11;
				GCC_NO_COMMON_BLOCKS = YES;
				GCC_WARN_64_TO_32_BIT_CONVERSION = YES;
				GCC_WARN_ABOUT_RETURN_TYPE = YES_ERROR;
				GCC_WARN_UNDECLARED_SELECTOR = YES;
				GCC_WARN_UNINITIALIZED_AUTOS = YES_AGGRESSIVE;
				GCC_WARN_UNUSED_FUNCTION = YES;
				GCC_WARN_UNUSED_VARIABLE = YES;
				IPHONEOS_DEPLOYMENT_TARGET = 14.0;
				MACOSX_DEPLOYMENT_TARGET = 11.0;
				MTL_ENABLE_DEBUG_INFO = NO;
				MTL_FAST_MATH = YES;
				SWIFT_COMPILATION_MODE = wholemodule;
				SWIFT_OPTIMIZATION_LEVEL = "-O";
			};
			name = Release;
		};
		272A2C872766602F00E8DC9C /* Debug */ = {
			isa = XCBuildConfiguration;
			buildSettings = {
				ASSETCATALOG_COMPILER_APPICON_NAME = AppIcon;
				ASSETCATALOG_COMPILER_GLOBAL_ACCENT_COLOR_NAME = AccentColor;
				CODE_SIGN_ENTITLEMENTS = "iOS/PasswordVault (iOS).entitlements";
				CODE_SIGN_STYLE = Automatic;
				CURRENT_PROJECT_VERSION = 7;
				DEVELOPMENT_TEAM = F42C985T48;
				ENABLE_PREVIEWS = YES;
				GENERATE_INFOPLIST_FILE = YES;
				INFOPLIST_FILE = Info.plist;
				INFOPLIST_KEY_LSApplicationCategoryType = "public.app-category.utilities";
				INFOPLIST_KEY_LSSupportsOpeningDocumentsInPlace = YES;
				INFOPLIST_KEY_UIApplicationSceneManifest_Generation = YES;
				INFOPLIST_KEY_UIApplicationSupportsIndirectInputEvents = YES;
				INFOPLIST_KEY_UILaunchScreen_Generation = YES;
				INFOPLIST_KEY_UISupportedInterfaceOrientations = "UIInterfaceOrientationPortrait UIInterfaceOrientationPortraitUpsideDown UIInterfaceOrientationLandscapeLeft UIInterfaceOrientationLandscapeRight";
				INFOPLIST_KEY_UISupportedInterfaceOrientations_iPad = "UIInterfaceOrientationPortrait UIInterfaceOrientationPortraitUpsideDown UIInterfaceOrientationLandscapeLeft UIInterfaceOrientationLandscapeRight";
				INFOPLIST_KEY_UISupportedInterfaceOrientations_iPhone = "UIInterfaceOrientationPortrait UIInterfaceOrientationLandscapeLeft UIInterfaceOrientationLandscapeRight";
				IPHONEOS_DEPLOYMENT_TARGET = 15.0;
				LD_RUNPATH_SEARCH_PATHS = (
					"$(inherited)",
					"@executable_path/Frameworks",
				);
				MARKETING_VERSION = 1.0;
				PRODUCT_BUNDLE_IDENTIFIER = "com.mjs-software.PasswordVault";
				PRODUCT_NAME = PasswordVault;
				SDKROOT = iphoneos;
				SUPPORTS_MACCATALYST = YES;
				SWIFT_EMIT_LOC_STRINGS = YES;
				SWIFT_VERSION = 5.0;
				TARGETED_DEVICE_FAMILY = "1,2";
			};
			name = Debug;
		};
		272A2C882766602F00E8DC9C /* Release */ = {
			isa = XCBuildConfiguration;
			buildSettings = {
				ASSETCATALOG_COMPILER_APPICON_NAME = AppIcon;
				ASSETCATALOG_COMPILER_GLOBAL_ACCENT_COLOR_NAME = AccentColor;
				CODE_SIGN_ENTITLEMENTS = "iOS/PasswordVault (iOS).entitlements";
				CODE_SIGN_STYLE = Automatic;
				CURRENT_PROJECT_VERSION = 7;
				DEVELOPMENT_TEAM = F42C985T48;
				ENABLE_PREVIEWS = YES;
				GENERATE_INFOPLIST_FILE = YES;
				INFOPLIST_FILE = Info.plist;
				INFOPLIST_KEY_LSApplicationCategoryType = "public.app-category.utilities";
				INFOPLIST_KEY_LSSupportsOpeningDocumentsInPlace = YES;
				INFOPLIST_KEY_UIApplicationSceneManifest_Generation = YES;
				INFOPLIST_KEY_UIApplicationSupportsIndirectInputEvents = YES;
				INFOPLIST_KEY_UILaunchScreen_Generation = YES;
				INFOPLIST_KEY_UISupportedInterfaceOrientations = "UIInterfaceOrientationPortrait UIInterfaceOrientationPortraitUpsideDown UIInterfaceOrientationLandscapeLeft UIInterfaceOrientationLandscapeRight";
				INFOPLIST_KEY_UISupportedInterfaceOrientations_iPad = "UIInterfaceOrientationPortrait UIInterfaceOrientationPortraitUpsideDown UIInterfaceOrientationLandscapeLeft UIInterfaceOrientationLandscapeRight";
				INFOPLIST_KEY_UISupportedInterfaceOrientations_iPhone = "UIInterfaceOrientationPortrait UIInterfaceOrientationLandscapeLeft UIInterfaceOrientationLandscapeRight";
				IPHONEOS_DEPLOYMENT_TARGET = 15.0;
				LD_RUNPATH_SEARCH_PATHS = (
					"$(inherited)",
					"@executable_path/Frameworks",
				);
				MARKETING_VERSION = 1.0;
				PRODUCT_BUNDLE_IDENTIFIER = "com.mjs-software.PasswordVault";
				PRODUCT_NAME = PasswordVault;
				SDKROOT = iphoneos;
				SUPPORTS_MACCATALYST = YES;
				SWIFT_EMIT_LOC_STRINGS = YES;
				SWIFT_VERSION = 5.0;
				TARGETED_DEVICE_FAMILY = "1,2";
				VALIDATE_PRODUCT = YES;
			};
			name = Release;
		};
		272A2C8A2766602F00E8DC9C /* Debug */ = {
			isa = XCBuildConfiguration;
			buildSettings = {
				ASSETCATALOG_COMPILER_APPICON_NAME = AppIcon;
				ASSETCATALOG_COMPILER_GLOBAL_ACCENT_COLOR_NAME = AccentColor;
				CODE_SIGN_ENTITLEMENTS = macOS/macOS.entitlements;
				CODE_SIGN_IDENTITY = "Apple Development";
				CODE_SIGN_STYLE = Automatic;
				COMBINE_HIDPI_IMAGES = YES;
				CURRENT_PROJECT_VERSION = 7;
				DEVELOPMENT_TEAM = F42C985T48;
				ENABLE_HARDENED_RUNTIME = YES;
				ENABLE_PREVIEWS = YES;
				GENERATE_INFOPLIST_FILE = YES;
				INFOPLIST_FILE = Info.plist;
				INFOPLIST_KEY_LSApplicationCategoryType = "public.app-category.utilities";
				INFOPLIST_KEY_NSHumanReadableCopyright = "";
				LD_RUNPATH_SEARCH_PATHS = (
					"$(inherited)",
					"@executable_path/../Frameworks",
				);
				MACOSX_DEPLOYMENT_TARGET = 12.0;
				MARKETING_VERSION = 1.0;
				PRODUCT_BUNDLE_IDENTIFIER = "com.mjs-software.PasswordVault";
				PRODUCT_NAME = PasswordVault;
				SDKROOT = macosx;
				SWIFT_EMIT_LOC_STRINGS = YES;
				SWIFT_VERSION = 5.0;
			};
			name = Debug;
		};
		272A2C8B2766602F00E8DC9C /* Release */ = {
			isa = XCBuildConfiguration;
			buildSettings = {
				ASSETCATALOG_COMPILER_APPICON_NAME = AppIcon;
				ASSETCATALOG_COMPILER_GLOBAL_ACCENT_COLOR_NAME = AccentColor;
				CODE_SIGN_ENTITLEMENTS = macOS/macOS.entitlements;
				CODE_SIGN_IDENTITY = "Apple Development";
				CODE_SIGN_STYLE = Automatic;
				COMBINE_HIDPI_IMAGES = YES;
				CURRENT_PROJECT_VERSION = 7;
				DEVELOPMENT_TEAM = F42C985T48;
				ENABLE_HARDENED_RUNTIME = YES;
				ENABLE_PREVIEWS = YES;
				GENERATE_INFOPLIST_FILE = YES;
				INFOPLIST_FILE = Info.plist;
				INFOPLIST_KEY_LSApplicationCategoryType = "public.app-category.utilities";
				INFOPLIST_KEY_NSHumanReadableCopyright = "";
				LD_RUNPATH_SEARCH_PATHS = (
					"$(inherited)",
					"@executable_path/../Frameworks",
				);
				MACOSX_DEPLOYMENT_TARGET = 12.0;
				MARKETING_VERSION = 1.0;
				PRODUCT_BUNDLE_IDENTIFIER = "com.mjs-software.PasswordVault";
				PRODUCT_NAME = PasswordVault;
				SDKROOT = macosx;
				SWIFT_EMIT_LOC_STRINGS = YES;
				SWIFT_VERSION = 5.0;
			};
			name = Release;
		};
		272A2C8D2766602F00E8DC9C /* Debug */ = {
			isa = XCBuildConfiguration;
			buildSettings = {
				ALWAYS_EMBED_SWIFT_STANDARD_LIBRARIES = YES;
				CODE_SIGN_STYLE = Automatic;
				CURRENT_PROJECT_VERSION = 1;
				DEVELOPMENT_TEAM = F42C985T48;
				GENERATE_INFOPLIST_FILE = YES;
				IPHONEOS_DEPLOYMENT_TARGET = 15.0;
				LD_RUNPATH_SEARCH_PATHS = (
					"$(inherited)",
					"@executable_path/Frameworks",
					"@loader_path/Frameworks",
				);
				MARKETING_VERSION = 1.0;
				PRODUCT_BUNDLE_IDENTIFIER = "com.mjs-software.Tests-iOS";
				PRODUCT_NAME = "$(TARGET_NAME)";
				SDKROOT = iphoneos;
				SWIFT_EMIT_LOC_STRINGS = NO;
				SWIFT_VERSION = 5.0;
				TARGETED_DEVICE_FAMILY = "1,2";
				TEST_TARGET_NAME = "PasswordVault (iOS)";
			};
			name = Debug;
		};
		272A2C8E2766602F00E8DC9C /* Release */ = {
			isa = XCBuildConfiguration;
			buildSettings = {
				ALWAYS_EMBED_SWIFT_STANDARD_LIBRARIES = YES;
				CODE_SIGN_STYLE = Automatic;
				CURRENT_PROJECT_VERSION = 1;
				DEVELOPMENT_TEAM = F42C985T48;
				GENERATE_INFOPLIST_FILE = YES;
				IPHONEOS_DEPLOYMENT_TARGET = 15.0;
				LD_RUNPATH_SEARCH_PATHS = (
					"$(inherited)",
					"@executable_path/Frameworks",
					"@loader_path/Frameworks",
				);
				MARKETING_VERSION = 1.0;
				PRODUCT_BUNDLE_IDENTIFIER = "com.mjs-software.Tests-iOS";
				PRODUCT_NAME = "$(TARGET_NAME)";
				SDKROOT = iphoneos;
				SWIFT_EMIT_LOC_STRINGS = NO;
				SWIFT_VERSION = 5.0;
				TARGETED_DEVICE_FAMILY = "1,2";
				TEST_TARGET_NAME = "PasswordVault (iOS)";
				VALIDATE_PRODUCT = YES;
			};
			name = Release;
		};
		272A2C902766602F00E8DC9C /* Debug */ = {
			isa = XCBuildConfiguration;
			buildSettings = {
				ALWAYS_EMBED_SWIFT_STANDARD_LIBRARIES = YES;
				CODE_SIGN_STYLE = Automatic;
				COMBINE_HIDPI_IMAGES = YES;
				CURRENT_PROJECT_VERSION = 1;
				DEVELOPMENT_TEAM = F42C985T48;
				GENERATE_INFOPLIST_FILE = YES;
				LD_RUNPATH_SEARCH_PATHS = (
					"$(inherited)",
					"@executable_path/../Frameworks",
					"@loader_path/../Frameworks",
				);
				MACOSX_DEPLOYMENT_TARGET = 12.0;
				MARKETING_VERSION = 1.0;
				PRODUCT_BUNDLE_IDENTIFIER = "com.mjs-software.Tests-macOS";
				PRODUCT_NAME = "$(TARGET_NAME)";
				SDKROOT = macosx;
				SWIFT_EMIT_LOC_STRINGS = NO;
				SWIFT_VERSION = 5.0;
				TEST_TARGET_NAME = "PasswordVault (macOS)";
			};
			name = Debug;
		};
		272A2C912766602F00E8DC9C /* Release */ = {
			isa = XCBuildConfiguration;
			buildSettings = {
				ALWAYS_EMBED_SWIFT_STANDARD_LIBRARIES = YES;
				CODE_SIGN_STYLE = Automatic;
				COMBINE_HIDPI_IMAGES = YES;
				CURRENT_PROJECT_VERSION = 1;
				DEVELOPMENT_TEAM = F42C985T48;
				GENERATE_INFOPLIST_FILE = YES;
				LD_RUNPATH_SEARCH_PATHS = (
					"$(inherited)",
					"@executable_path/../Frameworks",
					"@loader_path/../Frameworks",
				);
				MACOSX_DEPLOYMENT_TARGET = 12.0;
				MARKETING_VERSION = 1.0;
				PRODUCT_BUNDLE_IDENTIFIER = "com.mjs-software.Tests-macOS";
				PRODUCT_NAME = "$(TARGET_NAME)";
				SDKROOT = macosx;
				SWIFT_EMIT_LOC_STRINGS = NO;
				SWIFT_VERSION = 5.0;
				TEST_TARGET_NAME = "PasswordVault (macOS)";
			};
			name = Release;
		};
/* End XCBuildConfiguration section */

/* Begin XCConfigurationList section */
		272A2C542766602F00E8DC9C /* Build configuration list for PBXProject "PasswordVault" */ = {
			isa = XCConfigurationList;
			buildConfigurations = (
				272A2C842766602F00E8DC9C /* Debug */,
				272A2C852766602F00E8DC9C /* Release */,
			);
			defaultConfigurationIsVisible = 0;
			defaultConfigurationName = Release;
		};
		272A2C862766602F00E8DC9C /* Build configuration list for PBXNativeTarget "PasswordVault (iOS)" */ = {
			isa = XCConfigurationList;
			buildConfigurations = (
				272A2C872766602F00E8DC9C /* Debug */,
				272A2C882766602F00E8DC9C /* Release */,
			);
			defaultConfigurationIsVisible = 0;
			defaultConfigurationName = Release;
		};
		272A2C892766602F00E8DC9C /* Build configuration list for PBXNativeTarget "PasswordVault (macOS)" */ = {
			isa = XCConfigurationList;
			buildConfigurations = (
				272A2C8A2766602F00E8DC9C /* Debug */,
				272A2C8B2766602F00E8DC9C /* Release */,
			);
			defaultConfigurationIsVisible = 0;
			defaultConfigurationName = Release;
		};
		272A2C8C2766602F00E8DC9C /* Build configuration list for PBXNativeTarget "Tests iOS" */ = {
			isa = XCConfigurationList;
			buildConfigurations = (
				272A2C8D2766602F00E8DC9C /* Debug */,
				272A2C8E2766602F00E8DC9C /* Release */,
			);
			defaultConfigurationIsVisible = 0;
			defaultConfigurationName = Release;
		};
		272A2C8F2766602F00E8DC9C /* Build configuration list for PBXNativeTarget "Tests macOS" */ = {
			isa = XCConfigurationList;
			buildConfigurations = (
				272A2C902766602F00E8DC9C /* Debug */,
				272A2C912766602F00E8DC9C /* Release */,
			);
			defaultConfigurationIsVisible = 0;
			defaultConfigurationName = Release;
		};
/* End XCConfigurationList section */

/* Begin XCRemoteSwiftPackageReference section */
		27384FAE277270C8002BD39D /* XCRemoteSwiftPackageReference "swift-crypto" */ = {
			isa = XCRemoteSwiftPackageReference;
			repositoryURL = "https://github.com/apple/swift-crypto.git";
			requirement = {
				kind = upToNextMajorVersion;
				minimumVersion = 2.0.0;
			};
		};
		27B03ACD2812F60F009131E8 /* XCRemoteSwiftPackageReference "swift-crypto" */ = {
			isa = XCRemoteSwiftPackageReference;
			repositoryURL = "https://github.com/apple/swift-crypto.git";
			requirement = {
				kind = upToNextMajorVersion;
				minimumVersion = 2.0.0;
			};
		};
/* End XCRemoteSwiftPackageReference section */

/* Begin XCSwiftPackageProductDependency section */
		27384FAF277270C8002BD39D /* Crypto */ = {
			isa = XCSwiftPackageProductDependency;
			package = 27384FAE277270C8002BD39D /* XCRemoteSwiftPackageReference "swift-crypto" */;
			productName = Crypto;
		};
		27384FB1277270C8002BD39D /* _CryptoExtras */ = {
			isa = XCSwiftPackageProductDependency;
			package = 27384FAE277270C8002BD39D /* XCRemoteSwiftPackageReference "swift-crypto" */;
			productName = _CryptoExtras;
		};
		27B03ACE2812F60F009131E8 /* Crypto */ = {
			isa = XCSwiftPackageProductDependency;
			package = 27384FAE277270C8002BD39D /* XCRemoteSwiftPackageReference "swift-crypto" */;
			productName = Crypto;
		};
		27B03AD02812F60F009131E8 /* _CryptoExtras */ = {
			isa = XCSwiftPackageProductDependency;
			package = 27384FAE277270C8002BD39D /* XCRemoteSwiftPackageReference "swift-crypto" */;
			productName = _CryptoExtras;
		};
/* End XCSwiftPackageProductDependency section */
	};
	rootObject = 272A2C512766602E00E8DC9C /* Project object */;
}
