// !$*UTF8*$!
{
	archiveVersion = 1;
	classes = {
	};
	objectVersion = 56;
	objects = {

/* Begin PBXBuildFile section */
		270B435A2B853739001D1934 /* HealthStatusView.swift in Sources */ = {isa = PBXBuildFile; fileRef = 278B82432B2A200300EB7B0A /* HealthStatusView.swift */; };
		27212F8F2A9008B9000D54D2 /* SafariWebExtensionHandler.swift in Sources */ = {isa = PBXBuildFile; fileRef = 27212F8A2A9008AF000D54D2 /* SafariWebExtensionHandler.swift */; };
		27212F912A9008C5000D54D2 /* Resources in Resources */ = {isa = PBXBuildFile; fileRef = 27212F8B2A9008AF000D54D2 /* Resources */; };
		2738EFE52AB37D700066B3CB /* SecureLicenseView.swift in Sources */ = {isa = PBXBuildFile; fileRef = 2738EFE32AB37D700066B3CB /* SecureLicenseView.swift */; };
		2738EFE62AB37D700066B3CB /* SecureLicenseItem.swift in Sources */ = {isa = PBXBuildFile; fileRef = 2738EFE42AB37D700066B3CB /* SecureLicenseItem.swift */; };
		2738EFE72AB396530066B3CB /* SecureLicenseItem.swift in Sources */ = {isa = PBXBuildFile; fileRef = 2738EFE42AB37D700066B3CB /* SecureLicenseItem.swift */; };
		27460FAC2A9A7C86002E368D /* HealthManager.swift in Sources */ = {isa = PBXBuildFile; fileRef = 274AA6DB2A8FF1CA00F77F96 /* HealthManager.swift */; };
		274AA6402A8FD10200F77F96 /* DeadMansVaultApp.swift in Sources */ = {isa = PBXBuildFile; fileRef = 274AA63F2A8FD10200F77F96 /* DeadMansVaultApp.swift */; };
		274AA6482A8FD10300F77F96 /* Preview Assets.xcassets in Resources */ = {isa = PBXBuildFile; fileRef = 274AA6472A8FD10300F77F96 /* Preview Assets.xcassets */; };
		274AA6522A8FD10300F77F96 /* DeadMansVaultTests.swift in Sources */ = {isa = PBXBuildFile; fileRef = 274AA6512A8FD10300F77F96 /* DeadMansVaultTests.swift */; };
		274AA65C2A8FD10300F77F96 /* DeadMansVaultUITests.swift in Sources */ = {isa = PBXBuildFile; fileRef = 274AA65B2A8FD10300F77F96 /* DeadMansVaultUITests.swift */; };
		274AA65E2A8FD10300F77F96 /* DeadMansVaultUITestsLaunchTests.swift in Sources */ = {isa = PBXBuildFile; fileRef = 274AA65D2A8FD10300F77F96 /* DeadMansVaultUITestsLaunchTests.swift */; };
		274AA6712A8FD32300F77F96 /* DeadMansVaultWatchApp.swift in Sources */ = {isa = PBXBuildFile; fileRef = 274AA6702A8FD32300F77F96 /* DeadMansVaultWatchApp.swift */; };
		274AA6732A8FD32300F77F96 /* ContentView.swift in Sources */ = {isa = PBXBuildFile; fileRef = 274AA6722A8FD32300F77F96 /* ContentView.swift */; };
		274AA6752A8FD32400F77F96 /* Assets.xcassets in Resources */ = {isa = PBXBuildFile; fileRef = 274AA6742A8FD32400F77F96 /* Assets.xcassets */; };
		274AA6782A8FD32400F77F96 /* Preview Assets.xcassets in Resources */ = {isa = PBXBuildFile; fileRef = 274AA6772A8FD32400F77F96 /* Preview Assets.xcassets */; };
		274AA6822A8FD32400F77F96 /* DeadMansVaultWatch_Watch_AppTests.swift in Sources */ = {isa = PBXBuildFile; fileRef = 274AA6812A8FD32400F77F96 /* DeadMansVaultWatch_Watch_AppTests.swift */; };
		274AA68C2A8FD32400F77F96 /* DeadMansVaultWatch_Watch_AppUITests.swift in Sources */ = {isa = PBXBuildFile; fileRef = 274AA68B2A8FD32400F77F96 /* DeadMansVaultWatch_Watch_AppUITests.swift */; };
		274AA68E2A8FD32400F77F96 /* DeadMansVaultWatch_Watch_AppUITestsLaunchTests.swift in Sources */ = {isa = PBXBuildFile; fileRef = 274AA68D2A8FD32400F77F96 /* DeadMansVaultWatch_Watch_AppUITestsLaunchTests.swift */; };
		274AA6912A8FD32400F77F96 /* DeadMansVaultWatch Watch App.app in Embed Watch Content */ = {isa = PBXBuildFile; fileRef = 274AA66E2A8FD32300F77F96 /* DeadMansVaultWatch Watch App.app */; platformFilter = ios; settings = {ATTRIBUTES = (RemoveHeadersOnCopy, ); }; };
		274AA6B92A8FD35500F77F96 /* DeadMansVaultBrowser.appex in Embed Foundation Extensions */ = {isa = PBXBuildFile; fileRef = 274AA6A02A8FD35400F77F96 /* DeadMansVaultBrowser.appex */; platformFilters = (macos, ); settings = {ATTRIBUTES = (RemoveHeadersOnCopy, ); }; };
		274AA6E12A8FF1CC00F77F96 /* SecureCardItem.swift in Sources */ = {isa = PBXBuildFile; fileRef = 274AA6BF2A8FF1C500F77F96 /* SecureCardItem.swift */; };
		274AA6E32A8FF1CC00F77F96 /* NewTagView.swift in Sources */ = {isa = PBXBuildFile; fileRef = 274AA6C12A8FF1C500F77F96 /* NewTagView.swift */; };
		274AA6E42A8FF1CC00F77F96 /* PasswordGeneratorView.swift in Sources */ = {isa = PBXBuildFile; fileRef = 274AA6C22A8FF1C600F77F96 /* PasswordGeneratorView.swift */; };
		274AA6E52A8FF1CC00F77F96 /* SecureAccessPointItem.swift in Sources */ = {isa = PBXBuildFile; fileRef = 274AA6C32A8FF1C600F77F96 /* SecureAccessPointItem.swift */; };
		274AA6E62A8FF1CC00F77F96 /* SecureLoginView.swift in Sources */ = {isa = PBXBuildFile; fileRef = 274AA6C42A8FF1C600F77F96 /* SecureLoginView.swift */; };
		274AA6E72A8FF1CC00F77F96 /* OpenVaultView.swift in Sources */ = {isa = PBXBuildFile; fileRef = 274AA6C52A8FF1C600F77F96 /* OpenVaultView.swift */; };
		274AA6E82A8FF1CC00F77F96 /* VaultException.swift in Sources */ = {isa = PBXBuildFile; fileRef = 274AA6C62A8FF1C600F77F96 /* VaultException.swift */; };
		274AA6E92A8FF1CC00F77F96 /* PasswordGenerator.swift in Sources */ = {isa = PBXBuildFile; fileRef = 274AA6C72A8FF1C700F77F96 /* PasswordGenerator.swift */; };
		274AA6EA2A8FF1CC00F77F96 /* SecureNoteItem.swift in Sources */ = {isa = PBXBuildFile; fileRef = 274AA6C82A8FF1C700F77F96 /* SecureNoteItem.swift */; };
		274AA6EB2A8FF1CC00F77F96 /* SecureCardView.swift in Sources */ = {isa = PBXBuildFile; fileRef = 274AA6C92A8FF1C700F77F96 /* SecureCardView.swift */; };
		274AA6EC2A8FF1CC00F77F96 /* ItemButtonView.swift in Sources */ = {isa = PBXBuildFile; fileRef = 274AA6CA2A8FF1C700F77F96 /* ItemButtonView.swift */; };
		274AA6ED2A8FF1CC00F77F96 /* VaultViewModel.swift in Sources */ = {isa = PBXBuildFile; fileRef = 274AA6CB2A8FF1C700F77F96 /* VaultViewModel.swift */; };
		274AA6EE2A8FF1CC00F77F96 /* Preferences.swift in Sources */ = {isa = PBXBuildFile; fileRef = 274AA6CC2A8FF1C800F77F96 /* Preferences.swift */; };
		274AA6EF2A8FF1CC00F77F96 /* Keychain.swift in Sources */ = {isa = PBXBuildFile; fileRef = 274AA6CD2A8FF1C800F77F96 /* Keychain.swift */; };
		274AA6F02A8FF1CC00F77F96 /* AppState.swift in Sources */ = {isa = PBXBuildFile; fileRef = 274AA6CE2A8FF1C800F77F96 /* AppState.swift */; };
		274AA6F12A8FF1CC00F77F96 /* SecureLoginItem.swift in Sources */ = {isa = PBXBuildFile; fileRef = 274AA6CF2A8FF1C800F77F96 /* SecureLoginItem.swift */; };
		274AA6F22A8FF1CC00F77F96 /* VaultState.swift in Sources */ = {isa = PBXBuildFile; fileRef = 274AA6D02A8FF1C800F77F96 /* VaultState.swift */; };
		274AA6F32A8FF1CC00F77F96 /* Importer.swift in Sources */ = {isa = PBXBuildFile; fileRef = 274AA6D12A8FF1C900F77F96 /* Importer.swift */; };
		274AA6F42A8FF1CC00F77F96 /* TagsView.swift in Sources */ = {isa = PBXBuildFile; fileRef = 274AA6D22A8FF1C900F77F96 /* TagsView.swift */; };
		274AA6F52A8FF1CC00F77F96 /* VaultDisplayState.swift in Sources */ = {isa = PBXBuildFile; fileRef = 274AA6D32A8FF1C900F77F96 /* VaultDisplayState.swift */; };
		274AA6F62A8FF1CC00F77F96 /* SecureAccessPointView.swift in Sources */ = {isa = PBXBuildFile; fileRef = 274AA6D42A8FF1C900F77F96 /* SecureAccessPointView.swift */; };
		274AA6F72A8FF1CC00F77F96 /* Vault.swift in Sources */ = {isa = PBXBuildFile; fileRef = 274AA6D52A8FF1C900F77F96 /* Vault.swift */; };
		274AA6F82A8FF1CC00F77F96 /* NewVaultView.swift in Sources */ = {isa = PBXBuildFile; fileRef = 274AA6D62A8FF1C900F77F96 /* NewVaultView.swift */; };
		274AA6F92A8FF1CC00F77F96 /* ContentView.swift in Sources */ = {isa = PBXBuildFile; fileRef = 274AA6D72A8FF1CA00F77F96 /* ContentView.swift */; };
		274AA6FA2A8FF1CC00F77F96 /* PasswordVaultDocument.swift in Sources */ = {isa = PBXBuildFile; fileRef = 274AA6D82A8FF1CA00F77F96 /* PasswordVaultDocument.swift */; };
		274AA6FB2A8FF1CC00F77F96 /* Exporter.swift in Sources */ = {isa = PBXBuildFile; fileRef = 274AA6D92A8FF1CA00F77F96 /* Exporter.swift */; };
		274AA6FC2A8FF1CC00F77F96 /* SecureVaultItem.swift in Sources */ = {isa = PBXBuildFile; fileRef = 274AA6DA2A8FF1CA00F77F96 /* SecureVaultItem.swift */; };
		274AA6FD2A8FF1CC00F77F96 /* HealthManager.swift in Sources */ = {isa = PBXBuildFile; fileRef = 274AA6DB2A8FF1CA00F77F96 /* HealthManager.swift */; };
		274AA6FE2A8FF1CC00F77F96 /* LastModifiedView.swift in Sources */ = {isa = PBXBuildFile; fileRef = 274AA6DC2A8FF1CB00F77F96 /* LastModifiedView.swift */; };
		274AA6FF2A8FF1CC00F77F96 /* NewItemView.swift in Sources */ = {isa = PBXBuildFile; fileRef = 274AA6DD2A8FF1CB00F77F96 /* NewItemView.swift */; };
		274AA7002A8FF1CC00F77F96 /* SecureNoteView.swift in Sources */ = {isa = PBXBuildFile; fileRef = 274AA6DE2A8FF1CB00F77F96 /* SecureNoteView.swift */; };
		274AA7012A8FF1CC00F77F96 /* VaultItemFactory.swift in Sources */ = {isa = PBXBuildFile; fileRef = 274AA6DF2A8FF1CB00F77F96 /* VaultItemFactory.swift */; };
		274AA7022A8FF1CC00F77F96 /* LockView.swift in Sources */ = {isa = PBXBuildFile; fileRef = 274AA6E02A8FF1CB00F77F96 /* LockView.swift */; };
		2765F9912B8DFE1B00B3E75E /* VaultPrefsView.swift in Sources */ = {isa = PBXBuildFile; fileRef = 2765F9902B8DFE1B00B3E75E /* VaultPrefsView.swift */; };
		2765F9932B8E52D000B3E75E /* PasswordView.swift in Sources */ = {isa = PBXBuildFile; fileRef = 2765F9922B8E52D000B3E75E /* PasswordView.swift */; };
		2771DBEF2AA7BF7D00D70021 /* SecureVaultView.swift in Sources */ = {isa = PBXBuildFile; fileRef = 2771DBEE2AA7BF7D00D70021 /* SecureVaultView.swift */; };
		2771DBF12AA9152400D70021 /* AttachFilesView.swift in Sources */ = {isa = PBXBuildFile; fileRef = 2771DBF02AA9152400D70021 /* AttachFilesView.swift */; };
		2771DBF32AAA4C5300D70021 /* PhotoPicker.swift in Sources */ = {isa = PBXBuildFile; fileRef = 2771DBF22AAA4C5300D70021 /* PhotoPicker.swift */; };
		27774DA32A90130000D288ED /* Assets.xcassets in Resources */ = {isa = PBXBuildFile; fileRef = 27774DA22A900C5B00D288ED /* Assets.xcassets */; };
		27774DA52A90132900D288ED /* Assets.xcassets in Resources */ = {isa = PBXBuildFile; fileRef = 27774DA22A900C5B00D288ED /* Assets.xcassets */; };
		278B82442B2A200300EB7B0A /* HealthStatusView.swift in Sources */ = {isa = PBXBuildFile; fileRef = 278B82432B2A200300EB7B0A /* HealthStatusView.swift */; };
		27BF1A942AE8248F00BDA339 /* DocumentPicker.swift in Sources */ = {isa = PBXBuildFile; fileRef = 27BF1A932AE8248F00BDA339 /* DocumentPicker.swift */; };
		27E30B5C2A92CF5700236EAB /* Preferences.swift in Sources */ = {isa = PBXBuildFile; fileRef = 274AA6CC2A8FF1C800F77F96 /* Preferences.swift */; };
		27E30B5D2A92CF6300236EAB /* AppState.swift in Sources */ = {isa = PBXBuildFile; fileRef = 274AA6CE2A8FF1C800F77F96 /* AppState.swift */; };
		27E30B5E2A92CFAD00236EAB /* VaultDisplayState.swift in Sources */ = {isa = PBXBuildFile; fileRef = 274AA6D32A8FF1C900F77F96 /* VaultDisplayState.swift */; };
		27E30B5F2A92D0E400236EAB /* VaultState.swift in Sources */ = {isa = PBXBuildFile; fileRef = 274AA6D02A8FF1C800F77F96 /* VaultState.swift */; };
		27E30B602A92D49900236EAB /* SecureVaultItem.swift in Sources */ = {isa = PBXBuildFile; fileRef = 274AA6DA2A8FF1CA00F77F96 /* SecureVaultItem.swift */; };
		27E30B612A92D4A300236EAB /* Vault.swift in Sources */ = {isa = PBXBuildFile; fileRef = 274AA6D52A8FF1C900F77F96 /* Vault.swift */; };
		27E30B622A92E14A00236EAB /* VaultException.swift in Sources */ = {isa = PBXBuildFile; fileRef = 274AA6C62A8FF1C600F77F96 /* VaultException.swift */; };
		27E30B632A92EBFB00236EAB /* Importer.swift in Sources */ = {isa = PBXBuildFile; fileRef = 274AA6D12A8FF1C900F77F96 /* Importer.swift */; };
		27E30B642A92EC0700236EAB /* Exporter.swift in Sources */ = {isa = PBXBuildFile; fileRef = 274AA6D92A8FF1CA00F77F96 /* Exporter.swift */; };
		27E30B652A92EC2A00236EAB /* VaultItemFactory.swift in Sources */ = {isa = PBXBuildFile; fileRef = 274AA6DF2A8FF1CB00F77F96 /* VaultItemFactory.swift */; };
		27E30B662A92EC4200236EAB /* SecureCardItem.swift in Sources */ = {isa = PBXBuildFile; fileRef = 274AA6BF2A8FF1C500F77F96 /* SecureCardItem.swift */; };
		27E30B672A92EC4900236EAB /* SecureLoginItem.swift in Sources */ = {isa = PBXBuildFile; fileRef = 274AA6CF2A8FF1C800F77F96 /* SecureLoginItem.swift */; };
		27E30B682A92EC4C00236EAB /* SecureNoteItem.swift in Sources */ = {isa = PBXBuildFile; fileRef = 274AA6C82A8FF1C700F77F96 /* SecureNoteItem.swift */; };
		27E30B692A92ECD300236EAB /* SecureAccessPointItem.swift in Sources */ = {isa = PBXBuildFile; fileRef = 274AA6C32A8FF1C600F77F96 /* SecureAccessPointItem.swift */; };
		27F4CC352B1964B400BE4B12 /* words.txt in Resources */ = {isa = PBXBuildFile; fileRef = 27F4CC342B1964A700BE4B12 /* words.txt */; };
/* End PBXBuildFile section */

/* Begin PBXContainerItemProxy section */
		274AA64E2A8FD10300F77F96 /* PBXContainerItemProxy */ = {
			isa = PBXContainerItemProxy;
			containerPortal = 274AA6342A8FD10200F77F96 /* Project object */;
			proxyType = 1;
			remoteGlobalIDString = 274AA63B2A8FD10200F77F96;
			remoteInfo = DeadMansVault;
		};
		274AA6582A8FD10300F77F96 /* PBXContainerItemProxy */ = {
			isa = PBXContainerItemProxy;
			containerPortal = 274AA6342A8FD10200F77F96 /* Project object */;
			proxyType = 1;
			remoteGlobalIDString = 274AA63B2A8FD10200F77F96;
			remoteInfo = DeadMansVault;
		};
		274AA67E2A8FD32400F77F96 /* PBXContainerItemProxy */ = {
			isa = PBXContainerItemProxy;
			containerPortal = 274AA6342A8FD10200F77F96 /* Project object */;
			proxyType = 1;
			remoteGlobalIDString = 274AA66D2A8FD32300F77F96;
			remoteInfo = "DeadMansVaultWatch Watch App";
		};
		274AA6882A8FD32400F77F96 /* PBXContainerItemProxy */ = {
			isa = PBXContainerItemProxy;
			containerPortal = 274AA6342A8FD10200F77F96 /* Project object */;
			proxyType = 1;
			remoteGlobalIDString = 274AA66D2A8FD32300F77F96;
			remoteInfo = "DeadMansVaultWatch Watch App";
		};
		274AA68F2A8FD32400F77F96 /* PBXContainerItemProxy */ = {
			isa = PBXContainerItemProxy;
			containerPortal = 274AA6342A8FD10200F77F96 /* Project object */;
			proxyType = 1;
			remoteGlobalIDString = 274AA66D2A8FD32300F77F96;
			remoteInfo = "DeadMansVaultWatch Watch App";
		};
		274AA6B72A8FD35500F77F96 /* PBXContainerItemProxy */ = {
			isa = PBXContainerItemProxy;
			containerPortal = 274AA6342A8FD10200F77F96 /* Project object */;
			proxyType = 1;
			remoteGlobalIDString = 274AA69F2A8FD35400F77F96;
			remoteInfo = DeadMansVaultBrowser;
		};
/* End PBXContainerItemProxy section */

/* Begin PBXCopyFilesBuildPhase section */
		274AA6952A8FD32400F77F96 /* Embed Watch Content */ = {
			isa = PBXCopyFilesBuildPhase;
			buildActionMask = 2147483647;
			dstPath = "$(CONTENTS_FOLDER_PATH)/Watch";
			dstSubfolderSpec = 16;
			files = (
				274AA6912A8FD32400F77F96 /* DeadMansVaultWatch Watch App.app in Embed Watch Content */,
			);
			name = "Embed Watch Content";
			runOnlyForDeploymentPostprocessing = 0;
		};
		274AA6BD2A8FD35500F77F96 /* Embed Foundation Extensions */ = {
			isa = PBXCopyFilesBuildPhase;
			buildActionMask = 2147483647;
			dstPath = "";
			dstSubfolderSpec = 13;
			files = (
				274AA6B92A8FD35500F77F96 /* DeadMansVaultBrowser.appex in Embed Foundation Extensions */,
			);
			name = "Embed Foundation Extensions";
			runOnlyForDeploymentPostprocessing = 0;
		};
/* End PBXCopyFilesBuildPhase section */

/* Begin PBXFileReference section */
		27212F892A9008AF000D54D2 /* Info.plist */ = {isa = PBXFileReference; fileEncoding = 4; lastKnownFileType = text.plist.xml; path = Info.plist; sourceTree = "<group>"; };
		27212F8A2A9008AF000D54D2 /* SafariWebExtensionHandler.swift */ = {isa = PBXFileReference; fileEncoding = 4; lastKnownFileType = sourcecode.swift; path = SafariWebExtensionHandler.swift; sourceTree = "<group>"; };
		27212F8B2A9008AF000D54D2 /* Resources */ = {isa = PBXFileReference; lastKnownFileType = folder; path = Resources; sourceTree = "<group>"; };
		2738EFE32AB37D700066B3CB /* SecureLicenseView.swift */ = {isa = PBXFileReference; fileEncoding = 4; lastKnownFileType = sourcecode.swift; name = SecureLicenseView.swift; path = Shared/SecureLicenseView.swift; sourceTree = SOURCE_ROOT; };
		2738EFE42AB37D700066B3CB /* SecureLicenseItem.swift */ = {isa = PBXFileReference; fileEncoding = 4; lastKnownFileType = sourcecode.swift; name = SecureLicenseItem.swift; path = Shared/SecureLicenseItem.swift; sourceTree = SOURCE_ROOT; };
		274AA63C2A8FD10200F77F96 /* DeadMansVault.app */ = {isa = PBXFileReference; explicitFileType = wrapper.application; includeInIndex = 0; path = DeadMansVault.app; sourceTree = BUILT_PRODUCTS_DIR; };
		274AA63F2A8FD10200F77F96 /* DeadMansVaultApp.swift */ = {isa = PBXFileReference; lastKnownFileType = sourcecode.swift; path = DeadMansVaultApp.swift; sourceTree = "<group>"; };
		274AA6452A8FD10300F77F96 /* DeadMansVault.entitlements */ = {isa = PBXFileReference; lastKnownFileType = text.plist.entitlements; path = DeadMansVault.entitlements; sourceTree = "<group>"; };
		274AA6472A8FD10300F77F96 /* Preview Assets.xcassets */ = {isa = PBXFileReference; lastKnownFileType = folder.assetcatalog; path = "Preview Assets.xcassets"; sourceTree = "<group>"; };
		274AA64D2A8FD10300F77F96 /* DeadMansVaultTests.xctest */ = {isa = PBXFileReference; explicitFileType = wrapper.cfbundle; includeInIndex = 0; path = DeadMansVaultTests.xctest; sourceTree = BUILT_PRODUCTS_DIR; };
		274AA6512A8FD10300F77F96 /* DeadMansVaultTests.swift */ = {isa = PBXFileReference; lastKnownFileType = sourcecode.swift; path = DeadMansVaultTests.swift; sourceTree = "<group>"; };
		274AA6572A8FD10300F77F96 /* DeadMansVaultUITests.xctest */ = {isa = PBXFileReference; explicitFileType = wrapper.cfbundle; includeInIndex = 0; path = DeadMansVaultUITests.xctest; sourceTree = BUILT_PRODUCTS_DIR; };
		274AA65B2A8FD10300F77F96 /* DeadMansVaultUITests.swift */ = {isa = PBXFileReference; lastKnownFileType = sourcecode.swift; path = DeadMansVaultUITests.swift; sourceTree = "<group>"; };
		274AA65D2A8FD10300F77F96 /* DeadMansVaultUITestsLaunchTests.swift */ = {isa = PBXFileReference; lastKnownFileType = sourcecode.swift; path = DeadMansVaultUITestsLaunchTests.swift; sourceTree = "<group>"; };
		274AA66E2A8FD32300F77F96 /* DeadMansVaultWatch Watch App.app */ = {isa = PBXFileReference; explicitFileType = wrapper.application; includeInIndex = 0; path = "DeadMansVaultWatch Watch App.app"; sourceTree = BUILT_PRODUCTS_DIR; };
		274AA6702A8FD32300F77F96 /* DeadMansVaultWatchApp.swift */ = {isa = PBXFileReference; lastKnownFileType = sourcecode.swift; path = DeadMansVaultWatchApp.swift; sourceTree = "<group>"; };
		274AA6722A8FD32300F77F96 /* ContentView.swift */ = {isa = PBXFileReference; lastKnownFileType = sourcecode.swift; path = ContentView.swift; sourceTree = "<group>"; };
		274AA6742A8FD32400F77F96 /* Assets.xcassets */ = {isa = PBXFileReference; lastKnownFileType = folder.assetcatalog; path = Assets.xcassets; sourceTree = "<group>"; };
		274AA6772A8FD32400F77F96 /* Preview Assets.xcassets */ = {isa = PBXFileReference; lastKnownFileType = folder.assetcatalog; path = "Preview Assets.xcassets"; sourceTree = "<group>"; };
		274AA67D2A8FD32400F77F96 /* DeadMansVaultWatch Watch AppTests.xctest */ = {isa = PBXFileReference; explicitFileType = wrapper.cfbundle; includeInIndex = 0; path = "DeadMansVaultWatch Watch AppTests.xctest"; sourceTree = BUILT_PRODUCTS_DIR; };
		274AA6812A8FD32400F77F96 /* DeadMansVaultWatch_Watch_AppTests.swift */ = {isa = PBXFileReference; lastKnownFileType = sourcecode.swift; path = DeadMansVaultWatch_Watch_AppTests.swift; sourceTree = "<group>"; };
		274AA6872A8FD32400F77F96 /* DeadMansVaultWatch Watch AppUITests.xctest */ = {isa = PBXFileReference; explicitFileType = wrapper.cfbundle; includeInIndex = 0; path = "DeadMansVaultWatch Watch AppUITests.xctest"; sourceTree = BUILT_PRODUCTS_DIR; };
		274AA68B2A8FD32400F77F96 /* DeadMansVaultWatch_Watch_AppUITests.swift */ = {isa = PBXFileReference; lastKnownFileType = sourcecode.swift; path = DeadMansVaultWatch_Watch_AppUITests.swift; sourceTree = "<group>"; };
		274AA68D2A8FD32400F77F96 /* DeadMansVaultWatch_Watch_AppUITestsLaunchTests.swift */ = {isa = PBXFileReference; lastKnownFileType = sourcecode.swift; path = DeadMansVaultWatch_Watch_AppUITestsLaunchTests.swift; sourceTree = "<group>"; };
		274AA6A02A8FD35400F77F96 /* DeadMansVaultBrowser.appex */ = {isa = PBXFileReference; explicitFileType = "wrapper.app-extension"; includeInIndex = 0; path = DeadMansVaultBrowser.appex; sourceTree = BUILT_PRODUCTS_DIR; };
		274AA6BE2A8FEBEF00F77F96 /* DeadMansVaultWatch Watch App.entitlements */ = {isa = PBXFileReference; lastKnownFileType = text.plist.entitlements; path = "DeadMansVaultWatch Watch App.entitlements"; sourceTree = "<group>"; };
		274AA6BF2A8FF1C500F77F96 /* SecureCardItem.swift */ = {isa = PBXFileReference; fileEncoding = 4; lastKnownFileType = sourcecode.swift; name = SecureCardItem.swift; path = Shared/SecureCardItem.swift; sourceTree = SOURCE_ROOT; };
		274AA6C12A8FF1C500F77F96 /* NewTagView.swift */ = {isa = PBXFileReference; fileEncoding = 4; lastKnownFileType = sourcecode.swift; name = NewTagView.swift; path = Shared/NewTagView.swift; sourceTree = SOURCE_ROOT; };
		274AA6C22A8FF1C600F77F96 /* PasswordGeneratorView.swift */ = {isa = PBXFileReference; fileEncoding = 4; lastKnownFileType = sourcecode.swift; name = PasswordGeneratorView.swift; path = Shared/PasswordGeneratorView.swift; sourceTree = SOURCE_ROOT; };
		274AA6C32A8FF1C600F77F96 /* SecureAccessPointItem.swift */ = {isa = PBXFileReference; fileEncoding = 4; lastKnownFileType = sourcecode.swift; name = SecureAccessPointItem.swift; path = Shared/SecureAccessPointItem.swift; sourceTree = SOURCE_ROOT; };
		274AA6C42A8FF1C600F77F96 /* SecureLoginView.swift */ = {isa = PBXFileReference; fileEncoding = 4; lastKnownFileType = sourcecode.swift; name = SecureLoginView.swift; path = Shared/SecureLoginView.swift; sourceTree = SOURCE_ROOT; };
		274AA6C52A8FF1C600F77F96 /* OpenVaultView.swift */ = {isa = PBXFileReference; fileEncoding = 4; lastKnownFileType = sourcecode.swift; name = OpenVaultView.swift; path = Shared/OpenVaultView.swift; sourceTree = SOURCE_ROOT; };
		274AA6C62A8FF1C600F77F96 /* VaultException.swift */ = {isa = PBXFileReference; fileEncoding = 4; lastKnownFileType = sourcecode.swift; name = VaultException.swift; path = Shared/VaultException.swift; sourceTree = SOURCE_ROOT; };
		274AA6C72A8FF1C700F77F96 /* PasswordGenerator.swift */ = {isa = PBXFileReference; fileEncoding = 4; lastKnownFileType = sourcecode.swift; name = PasswordGenerator.swift; path = Shared/PasswordGenerator.swift; sourceTree = SOURCE_ROOT; };
		274AA6C82A8FF1C700F77F96 /* SecureNoteItem.swift */ = {isa = PBXFileReference; fileEncoding = 4; lastKnownFileType = sourcecode.swift; name = SecureNoteItem.swift; path = Shared/SecureNoteItem.swift; sourceTree = SOURCE_ROOT; };
		274AA6C92A8FF1C700F77F96 /* SecureCardView.swift */ = {isa = PBXFileReference; fileEncoding = 4; lastKnownFileType = sourcecode.swift; name = SecureCardView.swift; path = Shared/SecureCardView.swift; sourceTree = SOURCE_ROOT; };
		274AA6CA2A8FF1C700F77F96 /* ItemButtonView.swift */ = {isa = PBXFileReference; fileEncoding = 4; lastKnownFileType = sourcecode.swift; name = ItemButtonView.swift; path = Shared/ItemButtonView.swift; sourceTree = SOURCE_ROOT; };
		274AA6CB2A8FF1C700F77F96 /* VaultViewModel.swift */ = {isa = PBXFileReference; fileEncoding = 4; lastKnownFileType = sourcecode.swift; name = VaultViewModel.swift; path = Shared/VaultViewModel.swift; sourceTree = SOURCE_ROOT; };
		274AA6CC2A8FF1C800F77F96 /* Preferences.swift */ = {isa = PBXFileReference; fileEncoding = 4; lastKnownFileType = sourcecode.swift; name = Preferences.swift; path = Shared/Preferences.swift; sourceTree = SOURCE_ROOT; };
		274AA6CD2A8FF1C800F77F96 /* Keychain.swift */ = {isa = PBXFileReference; fileEncoding = 4; lastKnownFileType = sourcecode.swift; name = Keychain.swift; path = Shared/Keychain.swift; sourceTree = SOURCE_ROOT; };
		274AA6CE2A8FF1C800F77F96 /* AppState.swift */ = {isa = PBXFileReference; fileEncoding = 4; lastKnownFileType = sourcecode.swift; name = AppState.swift; path = Shared/AppState.swift; sourceTree = SOURCE_ROOT; };
		274AA6CF2A8FF1C800F77F96 /* SecureLoginItem.swift */ = {isa = PBXFileReference; fileEncoding = 4; lastKnownFileType = sourcecode.swift; name = SecureLoginItem.swift; path = Shared/SecureLoginItem.swift; sourceTree = SOURCE_ROOT; };
		274AA6D02A8FF1C800F77F96 /* VaultState.swift */ = {isa = PBXFileReference; fileEncoding = 4; lastKnownFileType = sourcecode.swift; name = VaultState.swift; path = Shared/VaultState.swift; sourceTree = SOURCE_ROOT; };
		274AA6D12A8FF1C900F77F96 /* Importer.swift */ = {isa = PBXFileReference; fileEncoding = 4; lastKnownFileType = sourcecode.swift; name = Importer.swift; path = Shared/Importer.swift; sourceTree = SOURCE_ROOT; };
		274AA6D22A8FF1C900F77F96 /* TagsView.swift */ = {isa = PBXFileReference; fileEncoding = 4; lastKnownFileType = sourcecode.swift; name = TagsView.swift; path = Shared/TagsView.swift; sourceTree = SOURCE_ROOT; };
		274AA6D32A8FF1C900F77F96 /* VaultDisplayState.swift */ = {isa = PBXFileReference; fileEncoding = 4; lastKnownFileType = sourcecode.swift; name = VaultDisplayState.swift; path = Shared/VaultDisplayState.swift; sourceTree = SOURCE_ROOT; };
		274AA6D42A8FF1C900F77F96 /* SecureAccessPointView.swift */ = {isa = PBXFileReference; fileEncoding = 4; lastKnownFileType = sourcecode.swift; name = SecureAccessPointView.swift; path = Shared/SecureAccessPointView.swift; sourceTree = SOURCE_ROOT; };
		274AA6D52A8FF1C900F77F96 /* Vault.swift */ = {isa = PBXFileReference; fileEncoding = 4; lastKnownFileType = sourcecode.swift; name = Vault.swift; path = Shared/Vault.swift; sourceTree = SOURCE_ROOT; };
		274AA6D62A8FF1C900F77F96 /* NewVaultView.swift */ = {isa = PBXFileReference; fileEncoding = 4; lastKnownFileType = sourcecode.swift; name = NewVaultView.swift; path = Shared/NewVaultView.swift; sourceTree = SOURCE_ROOT; };
		274AA6D72A8FF1CA00F77F96 /* ContentView.swift */ = {isa = PBXFileReference; fileEncoding = 4; lastKnownFileType = sourcecode.swift; name = ContentView.swift; path = Shared/ContentView.swift; sourceTree = SOURCE_ROOT; };
		274AA6D82A8FF1CA00F77F96 /* PasswordVaultDocument.swift */ = {isa = PBXFileReference; fileEncoding = 4; lastKnownFileType = sourcecode.swift; name = PasswordVaultDocument.swift; path = Shared/PasswordVaultDocument.swift; sourceTree = SOURCE_ROOT; };
		274AA6D92A8FF1CA00F77F96 /* Exporter.swift */ = {isa = PBXFileReference; fileEncoding = 4; lastKnownFileType = sourcecode.swift; name = Exporter.swift; path = Shared/Exporter.swift; sourceTree = SOURCE_ROOT; };
		274AA6DA2A8FF1CA00F77F96 /* SecureVaultItem.swift */ = {isa = PBXFileReference; fileEncoding = 4; lastKnownFileType = sourcecode.swift; name = SecureVaultItem.swift; path = Shared/SecureVaultItem.swift; sourceTree = SOURCE_ROOT; };
		274AA6DB2A8FF1CA00F77F96 /* HealthManager.swift */ = {isa = PBXFileReference; fileEncoding = 4; lastKnownFileType = sourcecode.swift; name = HealthManager.swift; path = Shared/HealthManager.swift; sourceTree = SOURCE_ROOT; };
		274AA6DC2A8FF1CB00F77F96 /* LastModifiedView.swift */ = {isa = PBXFileReference; fileEncoding = 4; lastKnownFileType = sourcecode.swift; name = LastModifiedView.swift; path = Shared/LastModifiedView.swift; sourceTree = SOURCE_ROOT; };
		274AA6DD2A8FF1CB00F77F96 /* NewItemView.swift */ = {isa = PBXFileReference; fileEncoding = 4; lastKnownFileType = sourcecode.swift; name = NewItemView.swift; path = Shared/NewItemView.swift; sourceTree = SOURCE_ROOT; };
		274AA6DE2A8FF1CB00F77F96 /* SecureNoteView.swift */ = {isa = PBXFileReference; fileEncoding = 4; lastKnownFileType = sourcecode.swift; name = SecureNoteView.swift; path = Shared/SecureNoteView.swift; sourceTree = SOURCE_ROOT; };
		274AA6DF2A8FF1CB00F77F96 /* VaultItemFactory.swift */ = {isa = PBXFileReference; fileEncoding = 4; lastKnownFileType = sourcecode.swift; name = VaultItemFactory.swift; path = Shared/VaultItemFactory.swift; sourceTree = SOURCE_ROOT; };
		274AA6E02A8FF1CB00F77F96 /* LockView.swift */ = {isa = PBXFileReference; fileEncoding = 4; lastKnownFileType = sourcecode.swift; name = LockView.swift; path = Shared/LockView.swift; sourceTree = SOURCE_ROOT; };
		2765F9902B8DFE1B00B3E75E /* VaultPrefsView.swift */ = {isa = PBXFileReference; lastKnownFileType = sourcecode.swift; name = VaultPrefsView.swift; path = Shared/VaultPrefsView.swift; sourceTree = SOURCE_ROOT; };
		2765F9922B8E52D000B3E75E /* PasswordView.swift */ = {isa = PBXFileReference; lastKnownFileType = sourcecode.swift; name = PasswordView.swift; path = Shared/PasswordView.swift; sourceTree = SOURCE_ROOT; };
		2771DBEE2AA7BF7D00D70021 /* SecureVaultView.swift */ = {isa = PBXFileReference; lastKnownFileType = sourcecode.swift; name = SecureVaultView.swift; path = Shared/SecureVaultView.swift; sourceTree = SOURCE_ROOT; };
		2771DBF02AA9152400D70021 /* AttachFilesView.swift */ = {isa = PBXFileReference; lastKnownFileType = sourcecode.swift; name = AttachFilesView.swift; path = Shared/AttachFilesView.swift; sourceTree = SOURCE_ROOT; };
		2771DBF22AAA4C5300D70021 /* PhotoPicker.swift */ = {isa = PBXFileReference; fileEncoding = 4; lastKnownFileType = sourcecode.swift; name = PhotoPicker.swift; path = Shared/PhotoPicker.swift; sourceTree = SOURCE_ROOT; };
		27774DA12A900B1200D288ED /* DeadMansVaultBrowser.entitlements */ = {isa = PBXFileReference; lastKnownFileType = text.plist.entitlements; path = DeadMansVaultBrowser.entitlements; sourceTree = "<group>"; };
		27774DA22A900C5B00D288ED /* Assets.xcassets */ = {isa = PBXFileReference; lastKnownFileType = folder.assetcatalog; name = Assets.xcassets; path = Shared/Assets.xcassets; sourceTree = "<group>"; };
		277B18222AABC2240009BC08 /* Launch Screen.storyboard */ = {isa = PBXFileReference; lastKnownFileType = file.storyboard; path = "Launch Screen.storyboard"; sourceTree = "<group>"; };
		278B82432B2A200300EB7B0A /* HealthStatusView.swift */ = {isa = PBXFileReference; lastKnownFileType = sourcecode.swift; name = HealthStatusView.swift; path = Shared/HealthStatusView.swift; sourceTree = SOURCE_ROOT; };
		27BF1A932AE8248F00BDA339 /* DocumentPicker.swift */ = {isa = PBXFileReference; fileEncoding = 4; lastKnownFileType = sourcecode.swift; name = DocumentPicker.swift; path = Shared/DocumentPicker.swift; sourceTree = SOURCE_ROOT; };
		27E30B5B2A90346200236EAB /* Info.plist */ = {isa = PBXFileReference; lastKnownFileType = text.plist; path = Info.plist; sourceTree = "<group>"; };
		27F4CC342B1964A700BE4B12 /* words.txt */ = {isa = PBXFileReference; lastKnownFileType = text; name = words.txt; path = DeadMansVault/words.txt; sourceTree = "<group>"; };
/* End PBXFileReference section */

/* Begin PBXFrameworksBuildPhase section */
		274AA6392A8FD10200F77F96 /* Frameworks */ = {
			isa = PBXFrameworksBuildPhase;
			buildActionMask = 2147483647;
			files = (
			);
			runOnlyForDeploymentPostprocessing = 0;
		};
		274AA64A2A8FD10300F77F96 /* Frameworks */ = {
			isa = PBXFrameworksBuildPhase;
			buildActionMask = 2147483647;
			files = (
			);
			runOnlyForDeploymentPostprocessing = 0;
		};
		274AA6542A8FD10300F77F96 /* Frameworks */ = {
			isa = PBXFrameworksBuildPhase;
			buildActionMask = 2147483647;
			files = (
			);
			runOnlyForDeploymentPostprocessing = 0;
		};
		274AA66B2A8FD32300F77F96 /* Frameworks */ = {
			isa = PBXFrameworksBuildPhase;
			buildActionMask = 2147483647;
			files = (
			);
			runOnlyForDeploymentPostprocessing = 0;
		};
		274AA67A2A8FD32400F77F96 /* Frameworks */ = {
			isa = PBXFrameworksBuildPhase;
			buildActionMask = 2147483647;
			files = (
			);
			runOnlyForDeploymentPostprocessing = 0;
		};
		274AA6842A8FD32400F77F96 /* Frameworks */ = {
			isa = PBXFrameworksBuildPhase;
			buildActionMask = 2147483647;
			files = (
			);
			runOnlyForDeploymentPostprocessing = 0;
		};
		274AA69D2A8FD35400F77F96 /* Frameworks */ = {
			isa = PBXFrameworksBuildPhase;
			buildActionMask = 2147483647;
			files = (
			);
			runOnlyForDeploymentPostprocessing = 0;
		};
/* End PBXFrameworksBuildPhase section */

/* Begin PBXGroup section */
		274AA6332A8FD10200F77F96 = {
			isa = PBXGroup;
			children = (
				27774DA22A900C5B00D288ED /* Assets.xcassets */,
				27774DA12A900B1200D288ED /* DeadMansVaultBrowser.entitlements */,
				274AA6BE2A8FEBEF00F77F96 /* DeadMansVaultWatch Watch App.entitlements */,
				274AA6452A8FD10300F77F96 /* DeadMansVault.entitlements */,
				277B18222AABC2240009BC08 /* Launch Screen.storyboard */,
				27F4CC342B1964A700BE4B12 /* words.txt */,
				274AA63E2A8FD10200F77F96 /* DeadMansVault */,
				274AA6502A8FD10300F77F96 /* Tests */,
				274AA65A2A8FD10300F77F96 /* UITests */,
				274AA66F2A8FD32300F77F96 /* Watch App */,
				274AA6802A8FD32400F77F96 /* Watch AppTests */,
				274AA68A2A8FD32400F77F96 /* Watch AppUITests */,
				274AA6A12A8FD35500F77F96 /* Browser Extension */,
				274AA63D2A8FD10200F77F96 /* Products */,
			);
			sourceTree = "<group>";
		};
		274AA63D2A8FD10200F77F96 /* Products */ = {
			isa = PBXGroup;
			children = (
				274AA63C2A8FD10200F77F96 /* DeadMansVault.app */,
				274AA64D2A8FD10300F77F96 /* DeadMansVaultTests.xctest */,
				274AA6572A8FD10300F77F96 /* DeadMansVaultUITests.xctest */,
				274AA66E2A8FD32300F77F96 /* DeadMansVaultWatch Watch App.app */,
				274AA67D2A8FD32400F77F96 /* DeadMansVaultWatch Watch AppTests.xctest */,
				274AA6872A8FD32400F77F96 /* DeadMansVaultWatch Watch AppUITests.xctest */,
				274AA6A02A8FD35400F77F96 /* DeadMansVaultBrowser.appex */,
			);
			name = Products;
			sourceTree = "<group>";
		};
		274AA63E2A8FD10200F77F96 /* DeadMansVault */ = {
			isa = PBXGroup;
			children = (
				27E30B5B2A90346200236EAB /* Info.plist */,
				274AA6CE2A8FF1C800F77F96 /* AppState.swift */,
				2771DBF02AA9152400D70021 /* AttachFilesView.swift */,
				274AA6D72A8FF1CA00F77F96 /* ContentView.swift */,
				274AA63F2A8FD10200F77F96 /* DeadMansVaultApp.swift */,
				27BF1A932AE8248F00BDA339 /* DocumentPicker.swift */,
				274AA6D92A8FF1CA00F77F96 /* Exporter.swift */,
				274AA6DB2A8FF1CA00F77F96 /* HealthManager.swift */,
				278B82432B2A200300EB7B0A /* HealthStatusView.swift */,
				274AA6D12A8FF1C900F77F96 /* Importer.swift */,
				274AA6CA2A8FF1C700F77F96 /* ItemButtonView.swift */,
				274AA6CD2A8FF1C800F77F96 /* Keychain.swift */,
				274AA6DC2A8FF1CB00F77F96 /* LastModifiedView.swift */,
				274AA6E02A8FF1CB00F77F96 /* LockView.swift */,
				274AA6DD2A8FF1CB00F77F96 /* NewItemView.swift */,
				274AA6C12A8FF1C500F77F96 /* NewTagView.swift */,
				274AA6D62A8FF1C900F77F96 /* NewVaultView.swift */,
				274AA6C52A8FF1C600F77F96 /* OpenVaultView.swift */,
				274AA6C72A8FF1C700F77F96 /* PasswordGenerator.swift */,
				274AA6C22A8FF1C600F77F96 /* PasswordGeneratorView.swift */,
				274AA6D82A8FF1CA00F77F96 /* PasswordVaultDocument.swift */,
				2765F9922B8E52D000B3E75E /* PasswordView.swift */,
				2771DBF22AAA4C5300D70021 /* PhotoPicker.swift */,
				274AA6CC2A8FF1C800F77F96 /* Preferences.swift */,
				274AA6C32A8FF1C600F77F96 /* SecureAccessPointItem.swift */,
				274AA6D42A8FF1C900F77F96 /* SecureAccessPointView.swift */,
				274AA6BF2A8FF1C500F77F96 /* SecureCardItem.swift */,
				274AA6C92A8FF1C700F77F96 /* SecureCardView.swift */,
				2738EFE42AB37D700066B3CB /* SecureLicenseItem.swift */,
				2738EFE32AB37D700066B3CB /* SecureLicenseView.swift */,
				274AA6CF2A8FF1C800F77F96 /* SecureLoginItem.swift */,
				274AA6C42A8FF1C600F77F96 /* SecureLoginView.swift */,
				274AA6C82A8FF1C700F77F96 /* SecureNoteItem.swift */,
				274AA6DE2A8FF1CB00F77F96 /* SecureNoteView.swift */,
				274AA6DA2A8FF1CA00F77F96 /* SecureVaultItem.swift */,
				2771DBEE2AA7BF7D00D70021 /* SecureVaultView.swift */,
				274AA6D22A8FF1C900F77F96 /* TagsView.swift */,
				274AA6D52A8FF1C900F77F96 /* Vault.swift */,
				274AA6D32A8FF1C900F77F96 /* VaultDisplayState.swift */,
				274AA6C62A8FF1C600F77F96 /* VaultException.swift */,
				274AA6DF2A8FF1CB00F77F96 /* VaultItemFactory.swift */,
				2765F9902B8DFE1B00B3E75E /* VaultPrefsView.swift */,
				274AA6D02A8FF1C800F77F96 /* VaultState.swift */,
				274AA6CB2A8FF1C700F77F96 /* VaultViewModel.swift */,
				274AA6462A8FD10300F77F96 /* Preview Content */,
			);
			path = DeadMansVault;
			sourceTree = "<group>";
		};
		274AA6462A8FD10300F77F96 /* Preview Content */ = {
			isa = PBXGroup;
			children = (
				274AA6472A8FD10300F77F96 /* Preview Assets.xcassets */,
			);
			path = "Preview Content";
			sourceTree = "<group>";
		};
		274AA6502A8FD10300F77F96 /* Tests */ = {
			isa = PBXGroup;
			children = (
				274AA6512A8FD10300F77F96 /* DeadMansVaultTests.swift */,
			);
			path = Tests;
			sourceTree = "<group>";
		};
		274AA65A2A8FD10300F77F96 /* UITests */ = {
			isa = PBXGroup;
			children = (
				274AA65B2A8FD10300F77F96 /* DeadMansVaultUITests.swift */,
				274AA65D2A8FD10300F77F96 /* DeadMansVaultUITestsLaunchTests.swift */,
			);
			path = UITests;
			sourceTree = "<group>";
		};
		274AA66F2A8FD32300F77F96 /* Watch App */ = {
			isa = PBXGroup;
			children = (
				274AA6702A8FD32300F77F96 /* DeadMansVaultWatchApp.swift */,
				274AA6722A8FD32300F77F96 /* ContentView.swift */,
				274AA6742A8FD32400F77F96 /* Assets.xcassets */,
				274AA6762A8FD32400F77F96 /* Preview Content */,
			);
			path = "Watch App";
			sourceTree = "<group>";
		};
		274AA6762A8FD32400F77F96 /* Preview Content */ = {
			isa = PBXGroup;
			children = (
				274AA6772A8FD32400F77F96 /* Preview Assets.xcassets */,
			);
			path = "Preview Content";
			sourceTree = "<group>";
		};
		274AA6802A8FD32400F77F96 /* Watch AppTests */ = {
			isa = PBXGroup;
			children = (
				274AA6812A8FD32400F77F96 /* DeadMansVaultWatch_Watch_AppTests.swift */,
			);
			path = "Watch AppTests";
			sourceTree = "<group>";
		};
		274AA68A2A8FD32400F77F96 /* Watch AppUITests */ = {
			isa = PBXGroup;
			children = (
				274AA68B2A8FD32400F77F96 /* DeadMansVaultWatch_Watch_AppUITests.swift */,
				274AA68D2A8FD32400F77F96 /* DeadMansVaultWatch_Watch_AppUITestsLaunchTests.swift */,
			);
			path = "Watch AppUITests";
			sourceTree = "<group>";
		};
		274AA6A12A8FD35500F77F96 /* Browser Extension */ = {
			isa = PBXGroup;
			children = (
				27212F892A9008AF000D54D2 /* Info.plist */,
				27212F8B2A9008AF000D54D2 /* Resources */,
				27212F8A2A9008AF000D54D2 /* SafariWebExtensionHandler.swift */,
			);
			path = "Browser Extension";
			sourceTree = "<group>";
		};
/* End PBXGroup section */

/* Begin PBXNativeTarget section */
		274AA63B2A8FD10200F77F96 /* DeadMansVault */ = {
			isa = PBXNativeTarget;
			buildConfigurationList = 274AA6612A8FD10300F77F96 /* Build configuration list for PBXNativeTarget "DeadMansVault" */;
			buildPhases = (
				274AA6382A8FD10200F77F96 /* Sources */,
				274AA6392A8FD10200F77F96 /* Frameworks */,
				274AA63A2A8FD10200F77F96 /* Resources */,
				274AA6952A8FD32400F77F96 /* Embed Watch Content */,
				274AA6BD2A8FD35500F77F96 /* Embed Foundation Extensions */,
			);
			buildRules = (
			);
			dependencies = (
				274AA6902A8FD32400F77F96 /* PBXTargetDependency */,
				274AA6B82A8FD35500F77F96 /* PBXTargetDependency */,
			);
			name = DeadMansVault;
			productName = DeadMansVault;
			productReference = 274AA63C2A8FD10200F77F96 /* DeadMansVault.app */;
			productType = "com.apple.product-type.application";
		};
		274AA64C2A8FD10300F77F96 /* DeadMansVaultTests */ = {
			isa = PBXNativeTarget;
			buildConfigurationList = 274AA6642A8FD10300F77F96 /* Build configuration list for PBXNativeTarget "DeadMansVaultTests" */;
			buildPhases = (
				274AA6492A8FD10300F77F96 /* Sources */,
				274AA64A2A8FD10300F77F96 /* Frameworks */,
				274AA64B2A8FD10300F77F96 /* Resources */,
			);
			buildRules = (
			);
			dependencies = (
				274AA64F2A8FD10300F77F96 /* PBXTargetDependency */,
			);
			name = DeadMansVaultTests;
			productName = DeadMansVaultTests;
			productReference = 274AA64D2A8FD10300F77F96 /* DeadMansVaultTests.xctest */;
			productType = "com.apple.product-type.bundle.unit-test";
		};
		274AA6562A8FD10300F77F96 /* DeadMansVaultUITests */ = {
			isa = PBXNativeTarget;
			buildConfigurationList = 274AA6672A8FD10300F77F96 /* Build configuration list for PBXNativeTarget "DeadMansVaultUITests" */;
			buildPhases = (
				274AA6532A8FD10300F77F96 /* Sources */,
				274AA6542A8FD10300F77F96 /* Frameworks */,
				274AA6552A8FD10300F77F96 /* Resources */,
			);
			buildRules = (
			);
			dependencies = (
				274AA6592A8FD10300F77F96 /* PBXTargetDependency */,
			);
			name = DeadMansVaultUITests;
			productName = DeadMansVaultUITests;
			productReference = 274AA6572A8FD10300F77F96 /* DeadMansVaultUITests.xctest */;
			productType = "com.apple.product-type.bundle.ui-testing";
		};
		274AA66D2A8FD32300F77F96 /* DeadMansVaultWatch Watch App */ = {
			isa = PBXNativeTarget;
			buildConfigurationList = 274AA6922A8FD32400F77F96 /* Build configuration list for PBXNativeTarget "DeadMansVaultWatch Watch App" */;
			buildPhases = (
				274AA66A2A8FD32300F77F96 /* Sources */,
				274AA66B2A8FD32300F77F96 /* Frameworks */,
				274AA66C2A8FD32300F77F96 /* Resources */,
			);
			buildRules = (
			);
			dependencies = (
			);
			name = "DeadMansVaultWatch Watch App";
			productName = "DeadMansVaultWatch Watch App";
			productReference = 274AA66E2A8FD32300F77F96 /* DeadMansVaultWatch Watch App.app */;
			productType = "com.apple.product-type.application";
		};
		274AA67C2A8FD32400F77F96 /* DeadMansVaultWatch Watch AppTests */ = {
			isa = PBXNativeTarget;
			buildConfigurationList = 274AA6962A8FD32400F77F96 /* Build configuration list for PBXNativeTarget "DeadMansVaultWatch Watch AppTests" */;
			buildPhases = (
				274AA6792A8FD32400F77F96 /* Sources */,
				274AA67A2A8FD32400F77F96 /* Frameworks */,
				274AA67B2A8FD32400F77F96 /* Resources */,
			);
			buildRules = (
			);
			dependencies = (
				274AA67F2A8FD32400F77F96 /* PBXTargetDependency */,
			);
			name = "DeadMansVaultWatch Watch AppTests";
			productName = "DeadMansVaultWatch Watch AppTests";
			productReference = 274AA67D2A8FD32400F77F96 /* DeadMansVaultWatch Watch AppTests.xctest */;
			productType = "com.apple.product-type.bundle.unit-test";
		};
		274AA6862A8FD32400F77F96 /* DeadMansVaultWatch Watch AppUITests */ = {
			isa = PBXNativeTarget;
			buildConfigurationList = 274AA6992A8FD32400F77F96 /* Build configuration list for PBXNativeTarget "DeadMansVaultWatch Watch AppUITests" */;
			buildPhases = (
				274AA6832A8FD32400F77F96 /* Sources */,
				274AA6842A8FD32400F77F96 /* Frameworks */,
				274AA6852A8FD32400F77F96 /* Resources */,
			);
			buildRules = (
			);
			dependencies = (
				274AA6892A8FD32400F77F96 /* PBXTargetDependency */,
			);
			name = "DeadMansVaultWatch Watch AppUITests";
			productName = "DeadMansVaultWatch Watch AppUITests";
			productReference = 274AA6872A8FD32400F77F96 /* DeadMansVaultWatch Watch AppUITests.xctest */;
			productType = "com.apple.product-type.bundle.ui-testing";
		};
		274AA69F2A8FD35400F77F96 /* DeadMansVaultBrowser */ = {
			isa = PBXNativeTarget;
			buildConfigurationList = 274AA6BA2A8FD35500F77F96 /* Build configuration list for PBXNativeTarget "DeadMansVaultBrowser" */;
			buildPhases = (
				274AA69C2A8FD35400F77F96 /* Sources */,
				274AA69D2A8FD35400F77F96 /* Frameworks */,
				274AA69E2A8FD35400F77F96 /* Resources */,
			);
			buildRules = (
			);
			dependencies = (
			);
			name = DeadMansVaultBrowser;
			productName = DeadMansVaultBrowser;
			productReference = 274AA6A02A8FD35400F77F96 /* DeadMansVaultBrowser.appex */;
			productType = "com.apple.product-type.app-extension";
		};
/* End PBXNativeTarget section */

/* Begin PBXProject section */
		274AA6342A8FD10200F77F96 /* Project object */ = {
			isa = PBXProject;
			attributes = {
				BuildIndependentTargetsInParallel = 1;
				LastSwiftUpdateCheck = 1430;
				LastUpgradeCheck = 1430;
				TargetAttributes = {
					274AA63B2A8FD10200F77F96 = {
						CreatedOnToolsVersion = 14.3.1;
					};
					274AA64C2A8FD10300F77F96 = {
						CreatedOnToolsVersion = 14.3.1;
						TestTargetID = 274AA63B2A8FD10200F77F96;
					};
					274AA6562A8FD10300F77F96 = {
						CreatedOnToolsVersion = 14.3.1;
						TestTargetID = 274AA63B2A8FD10200F77F96;
					};
					274AA66D2A8FD32300F77F96 = {
						CreatedOnToolsVersion = 14.3.1;
					};
					274AA67C2A8FD32400F77F96 = {
						CreatedOnToolsVersion = 14.3.1;
						TestTargetID = 274AA66D2A8FD32300F77F96;
					};
					274AA6862A8FD32400F77F96 = {
						CreatedOnToolsVersion = 14.3.1;
						TestTargetID = 274AA66D2A8FD32300F77F96;
					};
					274AA69F2A8FD35400F77F96 = {
						CreatedOnToolsVersion = 14.3.1;
					};
				};
			};
			buildConfigurationList = 274AA6372A8FD10200F77F96 /* Build configuration list for PBXProject "DeadMansVault" */;
			compatibilityVersion = "Xcode 14.0";
			developmentRegion = en;
			hasScannedForEncodings = 0;
			knownRegions = (
				en,
				Base,
			);
			mainGroup = 274AA6332A8FD10200F77F96;
			productRefGroup = 274AA63D2A8FD10200F77F96 /* Products */;
			projectDirPath = "";
			projectRoot = "";
			targets = (
				274AA63B2A8FD10200F77F96 /* DeadMansVault */,
				274AA64C2A8FD10300F77F96 /* DeadMansVaultTests */,
				274AA6562A8FD10300F77F96 /* DeadMansVaultUITests */,
				274AA66D2A8FD32300F77F96 /* DeadMansVaultWatch Watch App */,
				274AA67C2A8FD32400F77F96 /* DeadMansVaultWatch Watch AppTests */,
				274AA6862A8FD32400F77F96 /* DeadMansVaultWatch Watch AppUITests */,
				274AA69F2A8FD35400F77F96 /* DeadMansVaultBrowser */,
			);
		};
/* End PBXProject section */

/* Begin PBXResourcesBuildPhase section */
		274AA63A2A8FD10200F77F96 /* Resources */ = {
			isa = PBXResourcesBuildPhase;
			buildActionMask = 2147483647;
			files = (
				27F4CC352B1964B400BE4B12 /* words.txt in Resources */,
				27774DA32A90130000D288ED /* Assets.xcassets in Resources */,
				274AA6482A8FD10300F77F96 /* Preview Assets.xcassets in Resources */,
			);
			runOnlyForDeploymentPostprocessing = 0;
		};
		274AA64B2A8FD10300F77F96 /* Resources */ = {
			isa = PBXResourcesBuildPhase;
			buildActionMask = 2147483647;
			files = (
			);
			runOnlyForDeploymentPostprocessing = 0;
		};
		274AA6552A8FD10300F77F96 /* Resources */ = {
			isa = PBXResourcesBuildPhase;
			buildActionMask = 2147483647;
			files = (
			);
			runOnlyForDeploymentPostprocessing = 0;
		};
		274AA66C2A8FD32300F77F96 /* Resources */ = {
			isa = PBXResourcesBuildPhase;
			buildActionMask = 2147483647;
			files = (
				274AA6782A8FD32400F77F96 /* Preview Assets.xcassets in Resources */,
				274AA6752A8FD32400F77F96 /* Assets.xcassets in Resources */,
			);
			runOnlyForDeploymentPostprocessing = 0;
		};
		274AA67B2A8FD32400F77F96 /* Resources */ = {
			isa = PBXResourcesBuildPhase;
			buildActionMask = 2147483647;
			files = (
			);
			runOnlyForDeploymentPostprocessing = 0;
		};
		274AA6852A8FD32400F77F96 /* Resources */ = {
			isa = PBXResourcesBuildPhase;
			buildActionMask = 2147483647;
			files = (
			);
			runOnlyForDeploymentPostprocessing = 0;
		};
		274AA69E2A8FD35400F77F96 /* Resources */ = {
			isa = PBXResourcesBuildPhase;
			buildActionMask = 2147483647;
			files = (
				27212F912A9008C5000D54D2 /* Resources in Resources */,
				27774DA52A90132900D288ED /* Assets.xcassets in Resources */,
			);
			runOnlyForDeploymentPostprocessing = 0;
		};
/* End PBXResourcesBuildPhase section */

/* Begin PBXSourcesBuildPhase section */
		274AA6382A8FD10200F77F96 /* Sources */ = {
			isa = PBXSourcesBuildPhase;
			buildActionMask = 2147483647;
			files = (
				274AA6EF2A8FF1CC00F77F96 /* Keychain.swift in Sources */,
				278B82442B2A200300EB7B0A /* HealthStatusView.swift in Sources */,
				274AA6FE2A8FF1CC00F77F96 /* LastModifiedView.swift in Sources */,
				274AA6E82A8FF1CC00F77F96 /* VaultException.swift in Sources */,
				274AA6F82A8FF1CC00F77F96 /* NewVaultView.swift in Sources */,
				274AA6E52A8FF1CC00F77F96 /* SecureAccessPointItem.swift in Sources */,
				274AA7022A8FF1CC00F77F96 /* LockView.swift in Sources */,
				274AA6FC2A8FF1CC00F77F96 /* SecureVaultItem.swift in Sources */,
				2771DBEF2AA7BF7D00D70021 /* SecureVaultView.swift in Sources */,
				274AA6F02A8FF1CC00F77F96 /* AppState.swift in Sources */,
				274AA6FD2A8FF1CC00F77F96 /* HealthManager.swift in Sources */,
				274AA6F52A8FF1CC00F77F96 /* VaultDisplayState.swift in Sources */,
				274AA6E62A8FF1CC00F77F96 /* SecureLoginView.swift in Sources */,
				274AA6E12A8FF1CC00F77F96 /* SecureCardItem.swift in Sources */,
				274AA6E92A8FF1CC00F77F96 /* PasswordGenerator.swift in Sources */,
				274AA6F42A8FF1CC00F77F96 /* TagsView.swift in Sources */,
				274AA6F12A8FF1CC00F77F96 /* SecureLoginItem.swift in Sources */,
				274AA6402A8FD10200F77F96 /* DeadMansVaultApp.swift in Sources */,
				274AA6F32A8FF1CC00F77F96 /* Importer.swift in Sources */,
				274AA6F72A8FF1CC00F77F96 /* Vault.swift in Sources */,
				2771DBF12AA9152400D70021 /* AttachFilesView.swift in Sources */,
				274AA6E72A8FF1CC00F77F96 /* OpenVaultView.swift in Sources */,
				2765F9932B8E52D000B3E75E /* PasswordView.swift in Sources */,
				274AA7012A8FF1CC00F77F96 /* VaultItemFactory.swift in Sources */,
				274AA6FB2A8FF1CC00F77F96 /* Exporter.swift in Sources */,
				274AA6EC2A8FF1CC00F77F96 /* ItemButtonView.swift in Sources */,
				274AA6ED2A8FF1CC00F77F96 /* VaultViewModel.swift in Sources */,
				274AA6E32A8FF1CC00F77F96 /* NewTagView.swift in Sources */,
				274AA6FA2A8FF1CC00F77F96 /* PasswordVaultDocument.swift in Sources */,
				274AA6F92A8FF1CC00F77F96 /* ContentView.swift in Sources */,
				27BF1A942AE8248F00BDA339 /* DocumentPicker.swift in Sources */,
				274AA6E42A8FF1CC00F77F96 /* PasswordGeneratorView.swift in Sources */,
				2738EFE52AB37D700066B3CB /* SecureLicenseView.swift in Sources */,
				274AA6F22A8FF1CC00F77F96 /* VaultState.swift in Sources */,
				274AA6F62A8FF1CC00F77F96 /* SecureAccessPointView.swift in Sources */,
				274AA6EA2A8FF1CC00F77F96 /* SecureNoteItem.swift in Sources */,
				2765F9912B8DFE1B00B3E75E /* VaultPrefsView.swift in Sources */,
				274AA6FF2A8FF1CC00F77F96 /* NewItemView.swift in Sources */,
				274AA6EE2A8FF1CC00F77F96 /* Preferences.swift in Sources */,
				274AA6EB2A8FF1CC00F77F96 /* SecureCardView.swift in Sources */,
				2738EFE62AB37D700066B3CB /* SecureLicenseItem.swift in Sources */,
				2771DBF32AAA4C5300D70021 /* PhotoPicker.swift in Sources */,
				274AA7002A8FF1CC00F77F96 /* SecureNoteView.swift in Sources */,
			);
			runOnlyForDeploymentPostprocessing = 0;
		};
		274AA6492A8FD10300F77F96 /* Sources */ = {
			isa = PBXSourcesBuildPhase;
			buildActionMask = 2147483647;
			files = (
				274AA6522A8FD10300F77F96 /* DeadMansVaultTests.swift in Sources */,
			);
			runOnlyForDeploymentPostprocessing = 0;
		};
		274AA6532A8FD10300F77F96 /* Sources */ = {
			isa = PBXSourcesBuildPhase;
			buildActionMask = 2147483647;
			files = (
				274AA65E2A8FD10300F77F96 /* DeadMansVaultUITestsLaunchTests.swift in Sources */,
				274AA65C2A8FD10300F77F96 /* DeadMansVaultUITests.swift in Sources */,
			);
			runOnlyForDeploymentPostprocessing = 0;
		};
		274AA66A2A8FD32300F77F96 /* Sources */ = {
			isa = PBXSourcesBuildPhase;
			buildActionMask = 2147483647;
			files = (
				27E30B642A92EC0700236EAB /* Exporter.swift in Sources */,
				274AA6732A8FD32300F77F96 /* ContentView.swift in Sources */,
				27E30B622A92E14A00236EAB /* VaultException.swift in Sources */,
				2738EFE72AB396530066B3CB /* SecureLicenseItem.swift in Sources */,
				274AA6712A8FD32300F77F96 /* DeadMansVaultWatchApp.swift in Sources */,
				270B435A2B853739001D1934 /* HealthStatusView.swift in Sources */,
				27E30B652A92EC2A00236EAB /* VaultItemFactory.swift in Sources */,
				27E30B682A92EC4C00236EAB /* SecureNoteItem.swift in Sources */,
				27E30B612A92D4A300236EAB /* Vault.swift in Sources */,
				27E30B5F2A92D0E400236EAB /* VaultState.swift in Sources */,
				27E30B692A92ECD300236EAB /* SecureAccessPointItem.swift in Sources */,
				27E30B632A92EBFB00236EAB /* Importer.swift in Sources */,
				27E30B602A92D49900236EAB /* SecureVaultItem.swift in Sources */,
				27E30B5C2A92CF5700236EAB /* Preferences.swift in Sources */,
				27E30B5D2A92CF6300236EAB /* AppState.swift in Sources */,
				27E30B672A92EC4900236EAB /* SecureLoginItem.swift in Sources */,
				27460FAC2A9A7C86002E368D /* HealthManager.swift in Sources */,
				27E30B662A92EC4200236EAB /* SecureCardItem.swift in Sources */,
				27E30B5E2A92CFAD00236EAB /* VaultDisplayState.swift in Sources */,
			);
			runOnlyForDeploymentPostprocessing = 0;
		};
		274AA6792A8FD32400F77F96 /* Sources */ = {
			isa = PBXSourcesBuildPhase;
			buildActionMask = 2147483647;
			files = (
				274AA6822A8FD32400F77F96 /* DeadMansVaultWatch_Watch_AppTests.swift in Sources */,
			);
			runOnlyForDeploymentPostprocessing = 0;
		};
		274AA6832A8FD32400F77F96 /* Sources */ = {
			isa = PBXSourcesBuildPhase;
			buildActionMask = 2147483647;
			files = (
				274AA68E2A8FD32400F77F96 /* DeadMansVaultWatch_Watch_AppUITestsLaunchTests.swift in Sources */,
				274AA68C2A8FD32400F77F96 /* DeadMansVaultWatch_Watch_AppUITests.swift in Sources */,
			);
			runOnlyForDeploymentPostprocessing = 0;
		};
		274AA69C2A8FD35400F77F96 /* Sources */ = {
			isa = PBXSourcesBuildPhase;
			buildActionMask = 2147483647;
			files = (
				27212F8F2A9008B9000D54D2 /* SafariWebExtensionHandler.swift in Sources */,
			);
			runOnlyForDeploymentPostprocessing = 0;
		};
/* End PBXSourcesBuildPhase section */

/* Begin PBXTargetDependency section */
		274AA64F2A8FD10300F77F96 /* PBXTargetDependency */ = {
			isa = PBXTargetDependency;
			target = 274AA63B2A8FD10200F77F96 /* DeadMansVault */;
			targetProxy = 274AA64E2A8FD10300F77F96 /* PBXContainerItemProxy */;
		};
		274AA6592A8FD10300F77F96 /* PBXTargetDependency */ = {
			isa = PBXTargetDependency;
			target = 274AA63B2A8FD10200F77F96 /* DeadMansVault */;
			targetProxy = 274AA6582A8FD10300F77F96 /* PBXContainerItemProxy */;
		};
		274AA67F2A8FD32400F77F96 /* PBXTargetDependency */ = {
			isa = PBXTargetDependency;
			target = 274AA66D2A8FD32300F77F96 /* DeadMansVaultWatch Watch App */;
			targetProxy = 274AA67E2A8FD32400F77F96 /* PBXContainerItemProxy */;
		};
		274AA6892A8FD32400F77F96 /* PBXTargetDependency */ = {
			isa = PBXTargetDependency;
			target = 274AA66D2A8FD32300F77F96 /* DeadMansVaultWatch Watch App */;
			targetProxy = 274AA6882A8FD32400F77F96 /* PBXContainerItemProxy */;
		};
		274AA6902A8FD32400F77F96 /* PBXTargetDependency */ = {
			isa = PBXTargetDependency;
			platformFilter = ios;
			target = 274AA66D2A8FD32300F77F96 /* DeadMansVaultWatch Watch App */;
			targetProxy = 274AA68F2A8FD32400F77F96 /* PBXContainerItemProxy */;
		};
		274AA6B82A8FD35500F77F96 /* PBXTargetDependency */ = {
			isa = PBXTargetDependency;
			platformFilters = (
				macos,
			);
			target = 274AA69F2A8FD35400F77F96 /* DeadMansVaultBrowser */;
			targetProxy = 274AA6B72A8FD35500F77F96 /* PBXContainerItemProxy */;
		};
/* End PBXTargetDependency section */

/* Begin XCBuildConfiguration section */
		274AA65F2A8FD10300F77F96 /* Debug */ = {
			isa = XCBuildConfiguration;
			buildSettings = {
				ALWAYS_SEARCH_USER_PATHS = NO;
				CLANG_ANALYZER_NONNULL = YES;
				CLANG_ANALYZER_NUMBER_OBJECT_CONVERSION = YES_AGGRESSIVE;
				CLANG_CXX_LANGUAGE_STANDARD = "gnu++20";
				CLANG_ENABLE_MODULES = YES;
				CLANG_ENABLE_OBJC_ARC = YES;
				CLANG_ENABLE_OBJC_WEAK = YES;
				CLANG_WARN_BLOCK_CAPTURE_AUTORELEASING = YES;
				CLANG_WARN_BOOL_CONVERSION = YES;
				CLANG_WARN_COMMA = YES;
				CLANG_WARN_CONSTANT_CONVERSION = YES;
				CLANG_WARN_DEPRECATED_OBJC_IMPLEMENTATIONS = YES;
				CLANG_WARN_DIRECT_OBJC_ISA_USAGE = YES_ERROR;
				CLANG_WARN_DOCUMENTATION_COMMENTS = YES;
				CLANG_WARN_EMPTY_BODY = YES;
				CLANG_WARN_ENUM_CONVERSION = YES;
				CLANG_WARN_INFINITE_RECURSION = YES;
				CLANG_WARN_INT_CONVERSION = YES;
				CLANG_WARN_NON_LITERAL_NULL_CONVERSION = YES;
				CLANG_WARN_OBJC_IMPLICIT_RETAIN_SELF = YES;
				CLANG_WARN_OBJC_LITERAL_CONVERSION = YES;
				CLANG_WARN_OBJC_ROOT_CLASS = YES_ERROR;
				CLANG_WARN_QUOTED_INCLUDE_IN_FRAMEWORK_HEADER = YES;
				CLANG_WARN_RANGE_LOOP_ANALYSIS = YES;
				CLANG_WARN_STRICT_PROTOTYPES = YES;
				CLANG_WARN_SUSPICIOUS_MOVE = YES;
				CLANG_WARN_UNGUARDED_AVAILABILITY = YES_AGGRESSIVE;
				CLANG_WARN_UNREACHABLE_CODE = YES;
				CLANG_WARN__DUPLICATE_METHOD_MATCH = YES;
				COPY_PHASE_STRIP = NO;
				DEBUG_INFORMATION_FORMAT = dwarf;
				ENABLE_STRICT_OBJC_MSGSEND = YES;
				ENABLE_TESTABILITY = YES;
				GCC_C_LANGUAGE_STANDARD = gnu11;
				GCC_DYNAMIC_NO_PIC = NO;
				GCC_NO_COMMON_BLOCKS = YES;
				GCC_OPTIMIZATION_LEVEL = 0;
				GCC_PREPROCESSOR_DEFINITIONS = (
					"DEBUG=1",
					"$(inherited)",
				);
				GCC_WARN_64_TO_32_BIT_CONVERSION = YES;
				GCC_WARN_ABOUT_RETURN_TYPE = YES_ERROR;
				GCC_WARN_UNDECLARED_SELECTOR = YES;
				GCC_WARN_UNINITIALIZED_AUTOS = YES_AGGRESSIVE;
				GCC_WARN_UNUSED_FUNCTION = YES;
				GCC_WARN_UNUSED_VARIABLE = YES;
				MTL_ENABLE_DEBUG_INFO = INCLUDE_SOURCE;
				MTL_FAST_MATH = YES;
				ONLY_ACTIVE_ARCH = YES;
				SWIFT_ACTIVE_COMPILATION_CONDITIONS = DEBUG;
				SWIFT_OPTIMIZATION_LEVEL = "-Onone";
			};
			name = Debug;
		};
		274AA6602A8FD10300F77F96 /* Release */ = {
			isa = XCBuildConfiguration;
			buildSettings = {
				ALWAYS_SEARCH_USER_PATHS = NO;
				CLANG_ANALYZER_NONNULL = YES;
				CLANG_ANALYZER_NUMBER_OBJECT_CONVERSION = YES_AGGRESSIVE;
				CLANG_CXX_LANGUAGE_STANDARD = "gnu++20";
				CLANG_ENABLE_MODULES = YES;
				CLANG_ENABLE_OBJC_ARC = YES;
				CLANG_ENABLE_OBJC_WEAK = YES;
				CLANG_WARN_BLOCK_CAPTURE_AUTORELEASING = YES;
				CLANG_WARN_BOOL_CONVERSION = YES;
				CLANG_WARN_COMMA = YES;
				CLANG_WARN_CONSTANT_CONVERSION = YES;
				CLANG_WARN_DEPRECATED_OBJC_IMPLEMENTATIONS = YES;
				CLANG_WARN_DIRECT_OBJC_ISA_USAGE = YES_ERROR;
				CLANG_WARN_DOCUMENTATION_COMMENTS = YES;
				CLANG_WARN_EMPTY_BODY = YES;
				CLANG_WARN_ENUM_CONVERSION = YES;
				CLANG_WARN_INFINITE_RECURSION = YES;
				CLANG_WARN_INT_CONVERSION = YES;
				CLANG_WARN_NON_LITERAL_NULL_CONVERSION = YES;
				CLANG_WARN_OBJC_IMPLICIT_RETAIN_SELF = YES;
				CLANG_WARN_OBJC_LITERAL_CONVERSION = YES;
				CLANG_WARN_OBJC_ROOT_CLASS = YES_ERROR;
				CLANG_WARN_QUOTED_INCLUDE_IN_FRAMEWORK_HEADER = YES;
				CLANG_WARN_RANGE_LOOP_ANALYSIS = YES;
				CLANG_WARN_STRICT_PROTOTYPES = YES;
				CLANG_WARN_SUSPICIOUS_MOVE = YES;
				CLANG_WARN_UNGUARDED_AVAILABILITY = YES_AGGRESSIVE;
				CLANG_WARN_UNREACHABLE_CODE = YES;
				CLANG_WARN__DUPLICATE_METHOD_MATCH = YES;
				COPY_PHASE_STRIP = NO;
				DEBUG_INFORMATION_FORMAT = "dwarf-with-dsym";
				ENABLE_NS_ASSERTIONS = NO;
				ENABLE_STRICT_OBJC_MSGSEND = YES;
				GCC_C_LANGUAGE_STANDARD = gnu11;
				GCC_NO_COMMON_BLOCKS = YES;
				GCC_WARN_64_TO_32_BIT_CONVERSION = YES;
				GCC_WARN_ABOUT_RETURN_TYPE = YES_ERROR;
				GCC_WARN_UNDECLARED_SELECTOR = YES;
				GCC_WARN_UNINITIALIZED_AUTOS = YES_AGGRESSIVE;
				GCC_WARN_UNUSED_FUNCTION = YES;
				GCC_WARN_UNUSED_VARIABLE = YES;
				MTL_ENABLE_DEBUG_INFO = NO;
				MTL_FAST_MATH = YES;
				SWIFT_COMPILATION_MODE = wholemodule;
				SWIFT_OPTIMIZATION_LEVEL = "-O";
			};
			name = Release;
		};
		274AA6622A8FD10300F77F96 /* Debug */ = {
			isa = XCBuildConfiguration;
			buildSettings = {
				ALWAYS_EMBED_SWIFT_STANDARD_LIBRARIES = YES;
				ASSETCATALOG_COMPILER_APPICON_NAME = AppIcon;
				ASSETCATALOG_COMPILER_GLOBAL_ACCENT_COLOR_NAME = AccentColor;
				CODE_SIGN_ENTITLEMENTS = DeadMansVault/DeadMansVault.entitlements;
				CODE_SIGN_STYLE = Automatic;
				CURRENT_PROJECT_VERSION = 4;
				DEVELOPMENT_ASSET_PATHS = "\"DeadMansVault/Preview Content\"";
				DEVELOPMENT_TEAM = F42C985T48;
				ENABLE_HARDENED_RUNTIME = YES;
				ENABLE_PREVIEWS = YES;
				GENERATE_INFOPLIST_FILE = YES;
				INFOPLIST_FILE = DeadMansVault/Info.plist;
				INFOPLIST_KEY_LSApplicationCategoryType = "public.app-category.utilities";
				INFOPLIST_KEY_NSFaceIDUsageDescription = "Face ID can be used to unlock vaults";
				INFOPLIST_KEY_NSHealthShareUsageDescription = "HealthKit is used to determine if the vault owner is active or not";
				INFOPLIST_KEY_NSHealthUpdateUsageDescription = "HealthKit is used to determine if the vault owner is active or not";
				"INFOPLIST_KEY_UIApplicationSceneManifest_Generation[sdk=iphoneos*]" = YES;
				"INFOPLIST_KEY_UIApplicationSceneManifest_Generation[sdk=iphonesimulator*]" = YES;
				"INFOPLIST_KEY_UIApplicationSupportsIndirectInputEvents[sdk=iphoneos*]" = YES;
				"INFOPLIST_KEY_UIApplicationSupportsIndirectInputEvents[sdk=iphonesimulator*]" = YES;
				"INFOPLIST_KEY_UILaunchScreen_Generation[sdk=iphoneos*]" = YES;
				"INFOPLIST_KEY_UILaunchScreen_Generation[sdk=iphonesimulator*]" = YES;
				INFOPLIST_KEY_UILaunchStoryboardName = "";
				"INFOPLIST_KEY_UIStatusBarStyle[sdk=iphoneos*]" = UIStatusBarStyleDefault;
				"INFOPLIST_KEY_UIStatusBarStyle[sdk=iphonesimulator*]" = UIStatusBarStyleDefault;
				INFOPLIST_KEY_UISupportedInterfaceOrientations = "UIInterfaceOrientationLandscapeLeft UIInterfaceOrientationLandscapeRight UIInterfaceOrientationPortrait UIInterfaceOrientationPortraitUpsideDown";
				IPHONEOS_DEPLOYMENT_TARGET = 16.4;
				LD_RUNPATH_SEARCH_PATHS = "@executable_path/Frameworks";
				"LD_RUNPATH_SEARCH_PATHS[sdk=macosx*]" = "@executable_path/../Frameworks";
				MACOSX_DEPLOYMENT_TARGET = 14.0;
				MARKETING_VERSION = 1.0;
				PRODUCT_BUNDLE_IDENTIFIER = "com.mjs-software.DeadMansVault";
				PRODUCT_NAME = "$(TARGET_NAME)";
				SDKROOT = auto;
				SUPPORTED_PLATFORMS = "iphoneos iphonesimulator macosx";
				SWIFT_EMIT_LOC_STRINGS = YES;
				SWIFT_VERSION = 5.0;
				TARGETED_DEVICE_FAMILY = "1,2";
			};
			name = Debug;
		};
		274AA6632A8FD10300F77F96 /* Release */ = {
			isa = XCBuildConfiguration;
			buildSettings = {
				ALWAYS_EMBED_SWIFT_STANDARD_LIBRARIES = YES;
				ASSETCATALOG_COMPILER_APPICON_NAME = AppIcon;
				ASSETCATALOG_COMPILER_GLOBAL_ACCENT_COLOR_NAME = AccentColor;
				CODE_SIGN_ENTITLEMENTS = DeadMansVault/DeadMansVault.entitlements;
				CODE_SIGN_STYLE = Automatic;
				CURRENT_PROJECT_VERSION = 4;
				DEVELOPMENT_ASSET_PATHS = "\"DeadMansVault/Preview Content\"";
				DEVELOPMENT_TEAM = F42C985T48;
				ENABLE_HARDENED_RUNTIME = YES;
				ENABLE_PREVIEWS = YES;
				GENERATE_INFOPLIST_FILE = YES;
				INFOPLIST_FILE = DeadMansVault/Info.plist;
				INFOPLIST_KEY_LSApplicationCategoryType = "public.app-category.utilities";
				INFOPLIST_KEY_NSFaceIDUsageDescription = "Face ID can be used to unlock vaults";
				INFOPLIST_KEY_NSHealthShareUsageDescription = "HealthKit is used to determine if the vault owner is active or not";
				INFOPLIST_KEY_NSHealthUpdateUsageDescription = "HealthKit is used to determine if the vault owner is active or not";
				"INFOPLIST_KEY_UIApplicationSceneManifest_Generation[sdk=iphoneos*]" = YES;
				"INFOPLIST_KEY_UIApplicationSceneManifest_Generation[sdk=iphonesimulator*]" = YES;
				"INFOPLIST_KEY_UIApplicationSupportsIndirectInputEvents[sdk=iphoneos*]" = YES;
				"INFOPLIST_KEY_UIApplicationSupportsIndirectInputEvents[sdk=iphonesimulator*]" = YES;
				"INFOPLIST_KEY_UILaunchScreen_Generation[sdk=iphoneos*]" = YES;
				"INFOPLIST_KEY_UILaunchScreen_Generation[sdk=iphonesimulator*]" = YES;
				INFOPLIST_KEY_UILaunchStoryboardName = "";
				"INFOPLIST_KEY_UIStatusBarStyle[sdk=iphoneos*]" = UIStatusBarStyleDefault;
				"INFOPLIST_KEY_UIStatusBarStyle[sdk=iphonesimulator*]" = UIStatusBarStyleDefault;
				INFOPLIST_KEY_UISupportedInterfaceOrientations = "UIInterfaceOrientationLandscapeLeft UIInterfaceOrientationLandscapeRight UIInterfaceOrientationPortrait UIInterfaceOrientationPortraitUpsideDown";
				IPHONEOS_DEPLOYMENT_TARGET = 16.4;
				LD_RUNPATH_SEARCH_PATHS = "@executable_path/Frameworks";
				"LD_RUNPATH_SEARCH_PATHS[sdk=macosx*]" = "@executable_path/../Frameworks";
				MACOSX_DEPLOYMENT_TARGET = 14.0;
				MARKETING_VERSION = 1.0;
				PRODUCT_BUNDLE_IDENTIFIER = "com.mjs-software.DeadMansVault";
				PRODUCT_NAME = "$(TARGET_NAME)";
				SDKROOT = auto;
				SUPPORTED_PLATFORMS = "iphoneos iphonesimulator macosx";
				SWIFT_EMIT_LOC_STRINGS = YES;
				SWIFT_VERSION = 5.0;
				TARGETED_DEVICE_FAMILY = "1,2";
			};
			name = Release;
		};
		274AA6652A8FD10300F77F96 /* Debug */ = {
			isa = XCBuildConfiguration;
			buildSettings = {
				ALWAYS_EMBED_SWIFT_STANDARD_LIBRARIES = YES;
				BUNDLE_LOADER = "$(TEST_HOST)";
				CODE_SIGN_STYLE = Automatic;
				CURRENT_PROJECT_VERSION = 1;
				DEVELOPMENT_TEAM = F42C985T48;
				GENERATE_INFOPLIST_FILE = YES;
				IPHONEOS_DEPLOYMENT_TARGET = 16.4;
				MACOSX_DEPLOYMENT_TARGET = 13.3;
				MARKETING_VERSION = 1.0;
				PRODUCT_BUNDLE_IDENTIFIER = "com.mjs-software.DeadMansVaultTests";
				PRODUCT_NAME = "$(TARGET_NAME)";
				SDKROOT = auto;
				SUPPORTED_PLATFORMS = "iphoneos iphonesimulator macosx";
				SWIFT_EMIT_LOC_STRINGS = NO;
				SWIFT_VERSION = 5.0;
				TARGETED_DEVICE_FAMILY = "1,2";
				TEST_HOST = "$(BUILT_PRODUCTS_DIR)/DeadMansVault.app/$(BUNDLE_EXECUTABLE_FOLDER_PATH)/DeadMansVault";
			};
			name = Debug;
		};
		274AA6662A8FD10300F77F96 /* Release */ = {
			isa = XCBuildConfiguration;
			buildSettings = {
				ALWAYS_EMBED_SWIFT_STANDARD_LIBRARIES = YES;
				BUNDLE_LOADER = "$(TEST_HOST)";
				CODE_SIGN_STYLE = Automatic;
				CURRENT_PROJECT_VERSION = 1;
				DEVELOPMENT_TEAM = F42C985T48;
				GENERATE_INFOPLIST_FILE = YES;
				IPHONEOS_DEPLOYMENT_TARGET = 16.4;
				MACOSX_DEPLOYMENT_TARGET = 13.3;
				MARKETING_VERSION = 1.0;
				PRODUCT_BUNDLE_IDENTIFIER = "com.mjs-software.DeadMansVaultTests";
				PRODUCT_NAME = "$(TARGET_NAME)";
				SDKROOT = auto;
				SUPPORTED_PLATFORMS = "iphoneos iphonesimulator macosx";
				SWIFT_EMIT_LOC_STRINGS = NO;
				SWIFT_VERSION = 5.0;
				TARGETED_DEVICE_FAMILY = "1,2";
				TEST_HOST = "$(BUILT_PRODUCTS_DIR)/DeadMansVault.app/$(BUNDLE_EXECUTABLE_FOLDER_PATH)/DeadMansVault";
			};
			name = Release;
		};
		274AA6682A8FD10300F77F96 /* Debug */ = {
			isa = XCBuildConfiguration;
			buildSettings = {
				ALWAYS_EMBED_SWIFT_STANDARD_LIBRARIES = YES;
				CODE_SIGN_STYLE = Automatic;
				CURRENT_PROJECT_VERSION = 1;
				DEVELOPMENT_TEAM = F42C985T48;
				GENERATE_INFOPLIST_FILE = YES;
				IPHONEOS_DEPLOYMENT_TARGET = 16.4;
				MACOSX_DEPLOYMENT_TARGET = 13.3;
				MARKETING_VERSION = 1.0;
				PRODUCT_BUNDLE_IDENTIFIER = "com.mjs-software.DeadMansVaultUITests";
				PRODUCT_NAME = "$(TARGET_NAME)";
				SDKROOT = auto;
				SUPPORTED_PLATFORMS = "iphoneos iphonesimulator macosx";
				SWIFT_EMIT_LOC_STRINGS = NO;
				SWIFT_VERSION = 5.0;
				TARGETED_DEVICE_FAMILY = "1,2";
				TEST_TARGET_NAME = DeadMansVault;
			};
			name = Debug;
		};
		274AA6692A8FD10300F77F96 /* Release */ = {
			isa = XCBuildConfiguration;
			buildSettings = {
				ALWAYS_EMBED_SWIFT_STANDARD_LIBRARIES = YES;
				CODE_SIGN_STYLE = Automatic;
				CURRENT_PROJECT_VERSION = 1;
				DEVELOPMENT_TEAM = F42C985T48;
				GENERATE_INFOPLIST_FILE = YES;
				IPHONEOS_DEPLOYMENT_TARGET = 16.4;
				MACOSX_DEPLOYMENT_TARGET = 13.3;
				MARKETING_VERSION = 1.0;
				PRODUCT_BUNDLE_IDENTIFIER = "com.mjs-software.DeadMansVaultUITests";
				PRODUCT_NAME = "$(TARGET_NAME)";
				SDKROOT = auto;
				SUPPORTED_PLATFORMS = "iphoneos iphonesimulator macosx";
				SWIFT_EMIT_LOC_STRINGS = NO;
				SWIFT_VERSION = 5.0;
				TARGETED_DEVICE_FAMILY = "1,2";
				TEST_TARGET_NAME = DeadMansVault;
			};
			name = Release;
		};
		274AA6932A8FD32400F77F96 /* Debug */ = {
			isa = XCBuildConfiguration;
			buildSettings = {
				ASSETCATALOG_COMPILER_APPICON_NAME = AppIcon;
				ASSETCATALOG_COMPILER_GLOBAL_ACCENT_COLOR_NAME = AccentColor;
				CODE_SIGN_ENTITLEMENTS = "DeadMansVaultWatch Watch App.entitlements";
				CODE_SIGN_STYLE = Automatic;
				CURRENT_PROJECT_VERSION = 4;
				DEVELOPMENT_ASSET_PATHS = "\"Watch App/Preview Content\"";
				DEVELOPMENT_TEAM = F42C985T48;
				ENABLE_PREVIEWS = YES;
				GENERATE_INFOPLIST_FILE = YES;
				INFOPLIST_KEY_CFBundleDisplayName = DeadMansVaultWatch;
				INFOPLIST_KEY_NSHealthShareUsageDescription = "HealthKit is used to determine if the vault owner is active or not";
				INFOPLIST_KEY_NSHealthUpdateUsageDescription = "HealthKit is used to determine if the vault owner is active or not";
				INFOPLIST_KEY_UISupportedInterfaceOrientations = "UIInterfaceOrientationPortrait UIInterfaceOrientationPortraitUpsideDown";
				INFOPLIST_KEY_WKCompanionAppBundleIdentifier = "com.mjs-software.DeadMansVault";
				LD_RUNPATH_SEARCH_PATHS = (
					"$(inherited)",
					"@executable_path/Frameworks",
				);
				MARKETING_VERSION = 1.0;
				PRODUCT_BUNDLE_IDENTIFIER = "com.mjs-software.DeadMansVault.watchkitapp";
				PRODUCT_NAME = "$(TARGET_NAME)";
				SDKROOT = watchos;
				SKIP_INSTALL = YES;
				SWIFT_EMIT_LOC_STRINGS = YES;
				SWIFT_VERSION = 5.0;
				TARGETED_DEVICE_FAMILY = 4;
				WATCHOS_DEPLOYMENT_TARGET = 9.4;
			};
			name = Debug;
		};
		274AA6942A8FD32400F77F96 /* Release */ = {
			isa = XCBuildConfiguration;
			buildSettings = {
				ASSETCATALOG_COMPILER_APPICON_NAME = AppIcon;
				ASSETCATALOG_COMPILER_GLOBAL_ACCENT_COLOR_NAME = AccentColor;
				CODE_SIGN_ENTITLEMENTS = "DeadMansVaultWatch Watch App.entitlements";
				CODE_SIGN_STYLE = Automatic;
				CURRENT_PROJECT_VERSION = 4;
				DEVELOPMENT_ASSET_PATHS = "\"Watch App/Preview Content\"";
				DEVELOPMENT_TEAM = F42C985T48;
				ENABLE_PREVIEWS = YES;
				GENERATE_INFOPLIST_FILE = YES;
				INFOPLIST_KEY_CFBundleDisplayName = DeadMansVaultWatch;
				INFOPLIST_KEY_NSHealthShareUsageDescription = "HealthKit is used to determine if the vault owner is active or not";
				INFOPLIST_KEY_NSHealthUpdateUsageDescription = "HealthKit is used to determine if the vault owner is active or not";
				INFOPLIST_KEY_UISupportedInterfaceOrientations = "UIInterfaceOrientationPortrait UIInterfaceOrientationPortraitUpsideDown";
				INFOPLIST_KEY_WKCompanionAppBundleIdentifier = "com.mjs-software.DeadMansVault";
				LD_RUNPATH_SEARCH_PATHS = (
					"$(inherited)",
					"@executable_path/Frameworks",
				);
				MARKETING_VERSION = 1.0;
				PRODUCT_BUNDLE_IDENTIFIER = "com.mjs-software.DeadMansVault.watchkitapp";
				PRODUCT_NAME = "$(TARGET_NAME)";
				SDKROOT = watchos;
				SKIP_INSTALL = YES;
				SWIFT_EMIT_LOC_STRINGS = YES;
				SWIFT_VERSION = 5.0;
				TARGETED_DEVICE_FAMILY = 4;
				VALIDATE_PRODUCT = YES;
				WATCHOS_DEPLOYMENT_TARGET = 9.4;
			};
			name = Release;
		};
		274AA6972A8FD32400F77F96 /* Debug */ = {
			isa = XCBuildConfiguration;
			buildSettings = {
				ALWAYS_EMBED_SWIFT_STANDARD_LIBRARIES = YES;
				BUNDLE_LOADER = "$(TEST_HOST)";
				CODE_SIGN_STYLE = Automatic;
				CURRENT_PROJECT_VERSION = 1;
				DEVELOPMENT_TEAM = F42C985T48;
				GENERATE_INFOPLIST_FILE = YES;
				MARKETING_VERSION = 1.0;
				PRODUCT_BUNDLE_IDENTIFIER = "com.mjs-software.DeadMansVaultWatch-Watch-AppTests";
				PRODUCT_NAME = "$(TARGET_NAME)";
				SDKROOT = watchos;
				SWIFT_EMIT_LOC_STRINGS = NO;
				SWIFT_VERSION = 5.0;
				TARGETED_DEVICE_FAMILY = 4;
				TEST_HOST = "$(BUILT_PRODUCTS_DIR)/DeadMansVaultWatch Watch App.app/$(BUNDLE_EXECUTABLE_FOLDER_PATH)/DeadMansVaultWatch Watch App";
				WATCHOS_DEPLOYMENT_TARGET = 9.4;
			};
			name = Debug;
		};
		274AA6982A8FD32400F77F96 /* Release */ = {
			isa = XCBuildConfiguration;
			buildSettings = {
				ALWAYS_EMBED_SWIFT_STANDARD_LIBRARIES = YES;
				BUNDLE_LOADER = "$(TEST_HOST)";
				CODE_SIGN_STYLE = Automatic;
				CURRENT_PROJECT_VERSION = 1;
				DEVELOPMENT_TEAM = F42C985T48;
				GENERATE_INFOPLIST_FILE = YES;
				MARKETING_VERSION = 1.0;
				PRODUCT_BUNDLE_IDENTIFIER = "com.mjs-software.DeadMansVaultWatch-Watch-AppTests";
				PRODUCT_NAME = "$(TARGET_NAME)";
				SDKROOT = watchos;
				SWIFT_EMIT_LOC_STRINGS = NO;
				SWIFT_VERSION = 5.0;
				TARGETED_DEVICE_FAMILY = 4;
				TEST_HOST = "$(BUILT_PRODUCTS_DIR)/DeadMansVaultWatch Watch App.app/$(BUNDLE_EXECUTABLE_FOLDER_PATH)/DeadMansVaultWatch Watch App";
				VALIDATE_PRODUCT = YES;
				WATCHOS_DEPLOYMENT_TARGET = 9.4;
			};
			name = Release;
		};
		274AA69A2A8FD32400F77F96 /* Debug */ = {
			isa = XCBuildConfiguration;
			buildSettings = {
				ALWAYS_EMBED_SWIFT_STANDARD_LIBRARIES = YES;
				CODE_SIGN_STYLE = Automatic;
				CURRENT_PROJECT_VERSION = 1;
				DEVELOPMENT_TEAM = F42C985T48;
				GENERATE_INFOPLIST_FILE = YES;
				MARKETING_VERSION = 1.0;
				PRODUCT_BUNDLE_IDENTIFIER = "com.mjs-software.DeadMansVaultWatch-Watch-AppUITests";
				PRODUCT_NAME = "$(TARGET_NAME)";
				SDKROOT = watchos;
				SWIFT_EMIT_LOC_STRINGS = NO;
				SWIFT_VERSION = 5.0;
				TARGETED_DEVICE_FAMILY = 4;
				TEST_TARGET_NAME = "DeadMansVaultWatch Watch App";
				WATCHOS_DEPLOYMENT_TARGET = 9.4;
			};
			name = Debug;
		};
		274AA69B2A8FD32400F77F96 /* Release */ = {
			isa = XCBuildConfiguration;
			buildSettings = {
				ALWAYS_EMBED_SWIFT_STANDARD_LIBRARIES = YES;
				CODE_SIGN_STYLE = Automatic;
				CURRENT_PROJECT_VERSION = 1;
				DEVELOPMENT_TEAM = F42C985T48;
				GENERATE_INFOPLIST_FILE = YES;
				MARKETING_VERSION = 1.0;
				PRODUCT_BUNDLE_IDENTIFIER = "com.mjs-software.DeadMansVaultWatch-Watch-AppUITests";
				PRODUCT_NAME = "$(TARGET_NAME)";
				SDKROOT = watchos;
				SWIFT_EMIT_LOC_STRINGS = NO;
				SWIFT_VERSION = 5.0;
				TARGETED_DEVICE_FAMILY = 4;
				TEST_TARGET_NAME = "DeadMansVaultWatch Watch App";
				VALIDATE_PRODUCT = YES;
				WATCHOS_DEPLOYMENT_TARGET = 9.4;
			};
			name = Release;
		};
		274AA6BB2A8FD35500F77F96 /* Debug */ = {
			isa = XCBuildConfiguration;
			buildSettings = {
				CODE_SIGN_ENTITLEMENTS = DeadMansVaultBrowser.entitlements;
				CODE_SIGN_STYLE = Automatic;
				CURRENT_PROJECT_VERSION = 4;
				DEVELOPMENT_ASSET_PATHS = DeadMansVaultBrowser.entitlements;
				DEVELOPMENT_TEAM = F42C985T48;
				ENABLE_HARDENED_RUNTIME = YES;
				GENERATE_INFOPLIST_FILE = YES;
				INFOPLIST_FILE = "Browser Extension/Info.plist";
				INFOPLIST_KEY_CFBundleDisplayName = DeadMansVaultBrowser;
				INFOPLIST_KEY_NSHumanReadableCopyright = "";
				LD_RUNPATH_SEARCH_PATHS = (
					"$(inherited)",
					"@executable_path/../Frameworks",
					"@executable_path/../../../../Frameworks",
				);
				MACOSX_DEPLOYMENT_TARGET = 13.3;
				MARKETING_VERSION = 1.0;
				OTHER_LDFLAGS = (
					"-framework",
					SafariServices,
				);
				PRODUCT_BUNDLE_IDENTIFIER = "com.mjs-software.DeadMansVault.DeadMansVaultBrowser";
				PRODUCT_NAME = "$(TARGET_NAME)";
				SDKROOT = macosx;
				SKIP_INSTALL = YES;
				SWIFT_EMIT_LOC_STRINGS = YES;
				SWIFT_VERSION = 5.0;
			};
			name = Debug;
		};
		274AA6BC2A8FD35500F77F96 /* Release */ = {
			isa = XCBuildConfiguration;
			buildSettings = {
				CODE_SIGN_ENTITLEMENTS = DeadMansVaultBrowser.entitlements;
				CODE_SIGN_STYLE = Automatic;
				CURRENT_PROJECT_VERSION = 4;
				DEVELOPMENT_ASSET_PATHS = DeadMansVaultBrowser.entitlements;
				DEVELOPMENT_TEAM = F42C985T48;
				ENABLE_HARDENED_RUNTIME = YES;
				GENERATE_INFOPLIST_FILE = YES;
				INFOPLIST_FILE = "Browser Extension/Info.plist";
				INFOPLIST_KEY_CFBundleDisplayName = DeadMansVaultBrowser;
				INFOPLIST_KEY_NSHumanReadableCopyright = "";
				LD_RUNPATH_SEARCH_PATHS = (
					"$(inherited)",
					"@executable_path/../Frameworks",
					"@executable_path/../../../../Frameworks",
				);
				MACOSX_DEPLOYMENT_TARGET = 13.3;
				MARKETING_VERSION = 1.0;
				OTHER_LDFLAGS = (
					"-framework",
					SafariServices,
				);
				PRODUCT_BUNDLE_IDENTIFIER = "com.mjs-software.DeadMansVault.DeadMansVaultBrowser";
				PRODUCT_NAME = "$(TARGET_NAME)";
				SDKROOT = macosx;
				SKIP_INSTALL = YES;
				SWIFT_EMIT_LOC_STRINGS = YES;
				SWIFT_VERSION = 5.0;
			};
			name = Release;
		};
/* End XCBuildConfiguration section */

/* Begin XCConfigurationList section */
		274AA6372A8FD10200F77F96 /* Build configuration list for PBXProject "DeadMansVault" */ = {
			isa = XCConfigurationList;
			buildConfigurations = (
				274AA65F2A8FD10300F77F96 /* Debug */,
				274AA6602A8FD10300F77F96 /* Release */,
			);
			defaultConfigurationIsVisible = 0;
			defaultConfigurationName = Release;
		};
		274AA6612A8FD10300F77F96 /* Build configuration list for PBXNativeTarget "DeadMansVault" */ = {
			isa = XCConfigurationList;
			buildConfigurations = (
				274AA6622A8FD10300F77F96 /* Debug */,
				274AA6632A8FD10300F77F96 /* Release */,
			);
			defaultConfigurationIsVisible = 0;
			defaultConfigurationName = Release;
		};
		274AA6642A8FD10300F77F96 /* Build configuration list for PBXNativeTarget "DeadMansVaultTests" */ = {
			isa = XCConfigurationList;
			buildConfigurations = (
				274AA6652A8FD10300F77F96 /* Debug */,
				274AA6662A8FD10300F77F96 /* Release */,
			);
			defaultConfigurationIsVisible = 0;
			defaultConfigurationName = Release;
		};
		274AA6672A8FD10300F77F96 /* Build configuration list for PBXNativeTarget "DeadMansVaultUITests" */ = {
			isa = XCConfigurationList;
			buildConfigurations = (
				274AA6682A8FD10300F77F96 /* Debug */,
				274AA6692A8FD10300F77F96 /* Release */,
			);
			defaultConfigurationIsVisible = 0;
			defaultConfigurationName = Release;
		};
		274AA6922A8FD32400F77F96 /* Build configuration list for PBXNativeTarget "DeadMansVaultWatch Watch App" */ = {
			isa = XCConfigurationList;
			buildConfigurations = (
				274AA6932A8FD32400F77F96 /* Debug */,
				274AA6942A8FD32400F77F96 /* Release */,
			);
			defaultConfigurationIsVisible = 0;
			defaultConfigurationName = Release;
		};
		274AA6962A8FD32400F77F96 /* Build configuration list for PBXNativeTarget "DeadMansVaultWatch Watch AppTests" */ = {
			isa = XCConfigurationList;
			buildConfigurations = (
				274AA6972A8FD32400F77F96 /* Debug */,
				274AA6982A8FD32400F77F96 /* Release */,
			);
			defaultConfigurationIsVisible = 0;
			defaultConfigurationName = Release;
		};
		274AA6992A8FD32400F77F96 /* Build configuration list for PBXNativeTarget "DeadMansVaultWatch Watch AppUITests" */ = {
			isa = XCConfigurationList;
			buildConfigurations = (
				274AA69A2A8FD32400F77F96 /* Debug */,
				274AA69B2A8FD32400F77F96 /* Release */,
			);
			defaultConfigurationIsVisible = 0;
			defaultConfigurationName = Release;
		};
		274AA6BA2A8FD35500F77F96 /* Build configuration list for PBXNativeTarget "DeadMansVaultBrowser" */ = {
			isa = XCConfigurationList;
			buildConfigurations = (
				274AA6BB2A8FD35500F77F96 /* Debug */,
				274AA6BC2A8FD35500F77F96 /* Release */,
			);
			defaultConfigurationIsVisible = 0;
			defaultConfigurationName = Release;
		};
/* End XCConfigurationList section */
	};
	rootObject = 274AA6342A8FD10200F77F96 /* Project object */;
}
